// !$*UTF8*$!
{
	archiveVersion = 1;
	classes = {
	};
	objectVersion = 46;
	objects = {

/* Begin PBXBuildFile section */
		0A29E77C11C2C881B0361ADD /* LaunchScreen.xib in Sources */ = {isa = PBXBuildFile; fileRef = 75B6C9E72DDC09CBDC887474 /* LaunchScreen.xib */; };
		52F67282AB2CBF409064A361 /* Images.xcassets in Resources */ = {isa = PBXBuildFile; fileRef = 0A2729CDC3064EC8E18E74E8 /* Images.xcassets */; };
		6552338E2EB4663B2328ED58 /* AppDelegate.swift in Sources */ = {isa = PBXBuildFile; fileRef = 636D3C7953B819874CE387DA /* AppDelegate.swift */; };
		6A696F747A9BF689A96680CC /* Main.storyboard in Sources */ = {isa = PBXBuildFile; fileRef = 3C2E4731BAC412231FABC50C /* Main.storyboard */; };
		EA34E7851A1CFD4F00875CFC /* Async.swift in Sources */ = {isa = PBXBuildFile; fileRef = EA34E7841A1CFD4F00875CFC /* Async.swift */; };
		EA3EEDF01A1CEC1D00DE2F3A /* Service.swift in Sources */ = {isa = PBXBuildFile; fileRef = EA3EEDEF1A1CEC1D00DE2F3A /* Service.swift */; };
		EA45EF431A1D4C36001E6178 /* Result.swift in Sources */ = {isa = PBXBuildFile; fileRef = EA45EF421A1D4C36001E6178 /* Result.swift */; };
		EA7A042E1A1E44D8002C73AF /* Results.swift in Sources */ = {isa = PBXBuildFile; fileRef = EA7A042D1A1E44D8002C73AF /* Results.swift */; };
		EA7A04301A23ADB8002C73AF /* DBFilesystem.swift in Sources */ = {isa = PBXBuildFile; fileRef = EA7A042F1A23ADB8002C73AF /* DBFilesystem.swift */; };
		EA7A04321A23B176002C73AF /* DBFile.swift in Sources */ = {isa = PBXBuildFile; fileRef = EA7A04311A23B176002C73AF /* DBFile.swift */; };
		EA7A04351A23BB69002C73AF /* SyncManagerSpec.swift in Sources */ = {isa = PBXBuildFile; fileRef = EA7A04341A23BB69002C73AF /* SyncManagerSpec.swift */; };
		EA835D741A1AA6E10033AE00 /* Dropbox.framework in Frameworks */ = {isa = PBXBuildFile; fileRef = EA835D731A1AA6E10033AE00 /* Dropbox.framework */; };
		EA835D761A1AA6FB0033AE00 /* CFNetwork.framework in Frameworks */ = {isa = PBXBuildFile; fileRef = EA835D751A1AA6FB0033AE00 /* CFNetwork.framework */; };
		EA835D781A1AA7000033AE00 /* Security.framework in Frameworks */ = {isa = PBXBuildFile; fileRef = EA835D771A1AA7000033AE00 /* Security.framework */; };
		EA835D7A1A1AA70D0033AE00 /* SystemConfiguration.framework in Frameworks */ = {isa = PBXBuildFile; fileRef = EA835D791A1AA70D0033AE00 /* SystemConfiguration.framework */; };
		EA835D7C1A1AA7140033AE00 /* QuartzCore.framework in Frameworks */ = {isa = PBXBuildFile; fileRef = EA835D7B1A1AA7140033AE00 /* QuartzCore.framework */; };
		EA835D7E1A1AA7250033AE00 /* libc++.dylib in Frameworks */ = {isa = PBXBuildFile; fileRef = EA835D7D1A1AA7250033AE00 /* libc++.dylib */; };
		EA835D801A1AA7310033AE00 /* libz.dylib in Frameworks */ = {isa = PBXBuildFile; fileRef = EA835D7F1A1AA7310033AE00 /* libz.dylib */; };
		EA835D821A1BA0560033AE00 /* SyncableService.swift in Sources */ = {isa = PBXBuildFile; fileRef = EA835D811A1BA0560033AE00 /* SyncableService.swift */; };
		EA835D841A1BA09D0033AE00 /* DropboxService.swift in Sources */ = {isa = PBXBuildFile; fileRef = EA835D831A1BA09D0033AE00 /* DropboxService.swift */; };
		EAACE1EA1A1BA7FD00E3C43D /* SyncManager.swift in Sources */ = {isa = PBXBuildFile; fileRef = EAACE1E91A1BA7FD00E3C43D /* SyncManager.swift */; };
		EAACE1F01A1BA93700E3C43D /* Operators.swift in Sources */ = {isa = PBXBuildFile; fileRef = EAACE1EF1A1BA93700E3C43D /* Operators.swift */; };
		EAACE1F21A1BA9BF00E3C43D /* Optional.swift in Sources */ = {isa = PBXBuildFile; fileRef = EAACE1F11A1BA9BF00E3C43D /* Optional.swift */; };
		EAB1930A1A2F8DC40002C6D0 /* Cascade.framework in Frameworks */ = {isa = PBXBuildFile; fileRef = EAB193091A2F8D920002C6D0 /* Cascade.framework */; };
		EAB1930B1A2F8DC40002C6D0 /* Cascade.framework in Embed Frameworks */ = {isa = PBXBuildFile; fileRef = EAB193091A2F8D920002C6D0 /* Cascade.framework */; settings = {ATTRIBUTES = (CodeSignOnCopy, RemoveHeadersOnCopy, ); }; };
		EAB1930F1A2F8E3E0002C6D0 /* Nimble.framework in Frameworks */ = {isa = PBXBuildFile; fileRef = EAB192FD1A2F8D8A0002C6D0 /* Nimble.framework */; };
		EAB193101A2F8E3E0002C6D0 /* Quick.framework in Frameworks */ = {isa = PBXBuildFile; fileRef = EAB192EE1A2F8D820002C6D0 /* Quick.framework */; };
		EAB193121A2F8E920002C6D0 /* Quick.framework in CopyFiles */ = {isa = PBXBuildFile; fileRef = EAB192F21A2F8D820002C6D0 /* Quick.framework */; settings = {ATTRIBUTES = (CodeSignOnCopy, RemoveHeadersOnCopy, ); }; };
		EAB193141A2F8E9F0002C6D0 /* Nimble.framework in CopyFiles */ = {isa = PBXBuildFile; fileRef = EAB192FD1A2F8D8A0002C6D0 /* Nimble.framework */; settings = {ATTRIBUTES = (CodeSignOnCopy, RemoveHeadersOnCopy, ); }; };
		EAB193161A2F8F8A0002C6D0 /* CascadeViewController.swift in Sources */ = {isa = PBXBuildFile; fileRef = EAB193151A2F8F8A0002C6D0 /* CascadeViewController.swift */; };
		EAB193181A2F9BD90002C6D0 /* PoppinsCell.swift in Sources */ = {isa = PBXBuildFile; fileRef = EAB193171A2F9BD90002C6D0 /* PoppinsCell.swift */; };
		EAB1931A1A2FA0740002C6D0 /* LinkAccountViewController.swift in Sources */ = {isa = PBXBuildFile; fileRef = EAB193191A2FA0740002C6D0 /* LinkAccountViewController.swift */; };
		EAB1931C1A2FA8920002C6D0 /* ApplicationController.swift in Sources */ = {isa = PBXBuildFile; fileRef = EAB1931B1A2FA8920002C6D0 /* ApplicationController.swift */; };
		EAB2111C1A24D7650069A5C6 /* UnconfiguredService.swift in Sources */ = {isa = PBXBuildFile; fileRef = EAB2111B1A24D7650069A5C6 /* UnconfiguredService.swift */; };
		EAB2111E1A24DEEA0069A5C6 /* UIApplication.swift in Sources */ = {isa = PBXBuildFile; fileRef = EAB2111D1A24DEEA0069A5C6 /* UIApplication.swift */; };
		EAB211211A24E2EB0069A5C6 /* FakeDropboxService.swift in Sources */ = {isa = PBXBuildFile; fileRef = EAB211201A24E2EB0069A5C6 /* FakeDropboxService.swift */; };
		EAB211231A2508C50069A5C6 /* NotificationListener.swift in Sources */ = {isa = PBXBuildFile; fileRef = EAB211221A2508C50069A5C6 /* NotificationListener.swift */; };
		EAF49B8B1A30FF1000B395DF /* UIImage.swift in Sources */ = {isa = PBXBuildFile; fileRef = EAF49B8A1A30FF1000B395DF /* UIImage.swift */; };
/* End PBXBuildFile section */

/* Begin PBXContainerItemProxy section */
		13F35E0C39519C8CB61B424C /* PBXContainerItemProxy */ = {
			isa = PBXContainerItemProxy;
			containerPortal = BBAD5EE8160C5BC2C5877301 /* Project object */;
			proxyType = 1;
			remoteGlobalIDString = 4E511CA83D18390E4117F469;
			remoteInfo = Poppins;
		};
		EAB192ED1A2F8D820002C6D0 /* PBXContainerItemProxy */ = {
			isa = PBXContainerItemProxy;
			containerPortal = EAB192E51A2F8D820002C6D0 /* Quick.xcodeproj */;
			proxyType = 2;
			remoteGlobalIDString = DAEB6B8E1943873100289F44;
			remoteInfo = "Quick-OSX";
		};
		EAB192EF1A2F8D820002C6D0 /* PBXContainerItemProxy */ = {
			isa = PBXContainerItemProxy;
			containerPortal = EAB192E51A2F8D820002C6D0 /* Quick.xcodeproj */;
			proxyType = 2;
			remoteGlobalIDString = DAEB6B991943873100289F44;
			remoteInfo = "Quick-OSXTests";
		};
		EAB192F11A2F8D820002C6D0 /* PBXContainerItemProxy */ = {
			isa = PBXContainerItemProxy;
			containerPortal = EAB192E51A2F8D820002C6D0 /* Quick.xcodeproj */;
			proxyType = 2;
			remoteGlobalIDString = 5A5D117C19473F2100F6D13D;
			remoteInfo = "Quick-iOS";
		};
		EAB192F31A2F8D820002C6D0 /* PBXContainerItemProxy */ = {
			isa = PBXContainerItemProxy;
			containerPortal = EAB192E51A2F8D820002C6D0 /* Quick.xcodeproj */;
			proxyType = 2;
			remoteGlobalIDString = 5A5D118619473F2100F6D13D;
			remoteInfo = "Quick-iOSTests";
		};
		EAB192FC1A2F8D8A0002C6D0 /* PBXContainerItemProxy */ = {
			isa = PBXContainerItemProxy;
			containerPortal = EAB192F51A2F8D8A0002C6D0 /* Nimble.xcodeproj */;
			proxyType = 2;
			remoteGlobalIDString = 1F1A74291940169200FFFC47;
			remoteInfo = "Nimble-iOS";
		};
		EAB192FE1A2F8D8A0002C6D0 /* PBXContainerItemProxy */ = {
			isa = PBXContainerItemProxy;
			containerPortal = EAB192F51A2F8D8A0002C6D0 /* Nimble.xcodeproj */;
			proxyType = 2;
			remoteGlobalIDString = 1F1A74341940169200FFFC47;
			remoteInfo = "Nimble-iOSTests";
		};
		EAB193001A2F8D8A0002C6D0 /* PBXContainerItemProxy */ = {
			isa = PBXContainerItemProxy;
			containerPortal = EAB192F51A2F8D8A0002C6D0 /* Nimble.xcodeproj */;
			proxyType = 2;
			remoteGlobalIDString = 1F925EAD195C0D6300ED456B;
			remoteInfo = "Nimble-OSX";
		};
		EAB193021A2F8D8A0002C6D0 /* PBXContainerItemProxy */ = {
			isa = PBXContainerItemProxy;
			containerPortal = EAB192F51A2F8D8A0002C6D0 /* Nimble.xcodeproj */;
			proxyType = 2;
			remoteGlobalIDString = 1F925EB7195C0D6300ED456B;
			remoteInfo = "Nimble-OSXTests";
		};
		EAB193081A2F8D920002C6D0 /* PBXContainerItemProxy */ = {
			isa = PBXContainerItemProxy;
			containerPortal = EAB193041A2F8D910002C6D0 /* Cascade.xcodeproj */;
			proxyType = 2;
			remoteGlobalIDString = F8FB72591A1F9654004265D5;
			remoteInfo = Cascade;
		};
		EAB1930C1A2F8DC40002C6D0 /* PBXContainerItemProxy */ = {
			isa = PBXContainerItemProxy;
			containerPortal = EAB193041A2F8D910002C6D0 /* Cascade.xcodeproj */;
			proxyType = 1;
			remoteGlobalIDString = F8FB72581A1F9654004265D5;
			remoteInfo = Cascade;
		};
/* End PBXContainerItemProxy section */

/* Begin PBXCopyFilesBuildPhase section */
		EAB1930E1A2F8DC40002C6D0 /* Embed Frameworks */ = {
			isa = PBXCopyFilesBuildPhase;
			buildActionMask = 2147483647;
			dstPath = "";
			dstSubfolderSpec = 10;
			files = (
				EAB1930B1A2F8DC40002C6D0 /* Cascade.framework in Embed Frameworks */,
			);
			name = "Embed Frameworks";
			runOnlyForDeploymentPostprocessing = 0;
		};
		EAB211181A23D6520069A5C6 /* CopyFiles */ = {
			isa = PBXCopyFilesBuildPhase;
			buildActionMask = 2147483647;
			dstPath = "";
			dstSubfolderSpec = 10;
			files = (
				EAB193141A2F8E9F0002C6D0 /* Nimble.framework in CopyFiles */,
				EAB193121A2F8E920002C6D0 /* Quick.framework in CopyFiles */,
			);
			runOnlyForDeploymentPostprocessing = 0;
		};
/* End PBXCopyFilesBuildPhase section */

/* Begin PBXFileReference section */
		0A2729CDC3064EC8E18E74E8 /* Images.xcassets */ = {isa = PBXFileReference; includeInIndex = 1; lastKnownFileType = folder.assetcatalog; path = Images.xcassets; sourceTree = "<group>"; };
		2687C52B5525793534A0348B /* UnitTests-Info.plist */ = {isa = PBXFileReference; includeInIndex = 1; lastKnownFileType = text.plist.xml; path = "UnitTests-Info.plist"; sourceTree = "<group>"; };
		3C2E4731BAC412231FABC50C /* Main.storyboard */ = {isa = PBXFileReference; includeInIndex = 1; lastKnownFileType = file.storyboard; path = Main.storyboard; sourceTree = "<group>"; };
		636D3C7953B819874CE387DA /* AppDelegate.swift */ = {isa = PBXFileReference; includeInIndex = 1; lastKnownFileType = sourcecode.swift; path = AppDelegate.swift; sourceTree = "<group>"; };
		6C8F5A473AB2C1C4E96CABB0 /* Info.plist */ = {isa = PBXFileReference; includeInIndex = 1; lastKnownFileType = text.plist.xml; path = Info.plist; sourceTree = "<group>"; };
		75B6C9E72DDC09CBDC887474 /* LaunchScreen.xib */ = {isa = PBXFileReference; includeInIndex = 1; lastKnownFileType = file.xib; path = LaunchScreen.xib; sourceTree = "<group>"; };
		A7291FA7576673F55122E623 /* UnitTests.xctest */ = {isa = PBXFileReference; explicitFileType = wrapper.cfbundle; includeInIndex = 0; path = UnitTests.xctest; sourceTree = BUILT_PRODUCTS_DIR; };
		ABB0894473AAFE7E68C6396D /* Poppins.app */ = {isa = PBXFileReference; explicitFileType = wrapper.application; includeInIndex = 0; path = Poppins.app; sourceTree = BUILT_PRODUCTS_DIR; };
		EA34E7841A1CFD4F00875CFC /* Async.swift */ = {isa = PBXFileReference; fileEncoding = 4; lastKnownFileType = sourcecode.swift; path = Async.swift; sourceTree = "<group>"; };
		EA3EEDEF1A1CEC1D00DE2F3A /* Service.swift */ = {isa = PBXFileReference; fileEncoding = 4; lastKnownFileType = sourcecode.swift; path = Service.swift; sourceTree = "<group>"; };
		EA45EF421A1D4C36001E6178 /* Result.swift */ = {isa = PBXFileReference; fileEncoding = 4; lastKnownFileType = sourcecode.swift; path = Result.swift; sourceTree = "<group>"; };
		EA7A042D1A1E44D8002C73AF /* Results.swift */ = {isa = PBXFileReference; fileEncoding = 4; lastKnownFileType = sourcecode.swift; path = Results.swift; sourceTree = "<group>"; };
		EA7A042F1A23ADB8002C73AF /* DBFilesystem.swift */ = {isa = PBXFileReference; fileEncoding = 4; lastKnownFileType = sourcecode.swift; path = DBFilesystem.swift; sourceTree = "<group>"; };
		EA7A04311A23B176002C73AF /* DBFile.swift */ = {isa = PBXFileReference; fileEncoding = 4; lastKnownFileType = sourcecode.swift; path = DBFile.swift; sourceTree = "<group>"; };
		EA7A04341A23BB69002C73AF /* SyncManagerSpec.swift */ = {isa = PBXFileReference; fileEncoding = 4; lastKnownFileType = sourcecode.swift; path = SyncManagerSpec.swift; sourceTree = "<group>"; };
		EA835D731A1AA6E10033AE00 /* Dropbox.framework */ = {isa = PBXFileReference; lastKnownFileType = wrapper.framework; path = Dropbox.framework; sourceTree = "<group>"; };
		EA835D751A1AA6FB0033AE00 /* CFNetwork.framework */ = {isa = PBXFileReference; lastKnownFileType = wrapper.framework; name = CFNetwork.framework; path = System/Library/Frameworks/CFNetwork.framework; sourceTree = SDKROOT; };
		EA835D771A1AA7000033AE00 /* Security.framework */ = {isa = PBXFileReference; lastKnownFileType = wrapper.framework; name = Security.framework; path = System/Library/Frameworks/Security.framework; sourceTree = SDKROOT; };
		EA835D791A1AA70D0033AE00 /* SystemConfiguration.framework */ = {isa = PBXFileReference; lastKnownFileType = wrapper.framework; name = SystemConfiguration.framework; path = System/Library/Frameworks/SystemConfiguration.framework; sourceTree = SDKROOT; };
		EA835D7B1A1AA7140033AE00 /* QuartzCore.framework */ = {isa = PBXFileReference; lastKnownFileType = wrapper.framework; name = QuartzCore.framework; path = System/Library/Frameworks/QuartzCore.framework; sourceTree = SDKROOT; };
		EA835D7D1A1AA7250033AE00 /* libc++.dylib */ = {isa = PBXFileReference; lastKnownFileType = "compiled.mach-o.dylib"; name = "libc++.dylib"; path = "usr/lib/libc++.dylib"; sourceTree = SDKROOT; };
		EA835D7F1A1AA7310033AE00 /* libz.dylib */ = {isa = PBXFileReference; lastKnownFileType = "compiled.mach-o.dylib"; name = libz.dylib; path = usr/lib/libz.dylib; sourceTree = SDKROOT; };
		EA835D811A1BA0560033AE00 /* SyncableService.swift */ = {isa = PBXFileReference; fileEncoding = 4; lastKnownFileType = sourcecode.swift; path = SyncableService.swift; sourceTree = "<group>"; };
		EA835D831A1BA09D0033AE00 /* DropboxService.swift */ = {isa = PBXFileReference; fileEncoding = 4; lastKnownFileType = sourcecode.swift; path = DropboxService.swift; sourceTree = "<group>"; };
		EA835D851A1BA1470033AE00 /* Poppins-Bridging-Header.h */ = {isa = PBXFileReference; lastKnownFileType = sourcecode.c.h; path = "Poppins-Bridging-Header.h"; sourceTree = "<group>"; };
		EAACE1E91A1BA7FD00E3C43D /* SyncManager.swift */ = {isa = PBXFileReference; fileEncoding = 4; lastKnownFileType = sourcecode.swift; path = SyncManager.swift; sourceTree = "<group>"; };
		EAACE1EF1A1BA93700E3C43D /* Operators.swift */ = {isa = PBXFileReference; fileEncoding = 4; lastKnownFileType = sourcecode.swift; path = Operators.swift; sourceTree = "<group>"; };
		EAACE1F11A1BA9BF00E3C43D /* Optional.swift */ = {isa = PBXFileReference; fileEncoding = 4; lastKnownFileType = sourcecode.swift; path = Optional.swift; sourceTree = "<group>"; };
		EAB192E51A2F8D820002C6D0 /* Quick.xcodeproj */ = {isa = PBXFileReference; lastKnownFileType = "wrapper.pb-project"; name = Quick.xcodeproj; path = Carthage.checkout/Quick/Quick.xcodeproj; sourceTree = "<group>"; };
		EAB192F51A2F8D8A0002C6D0 /* Nimble.xcodeproj */ = {isa = PBXFileReference; lastKnownFileType = "wrapper.pb-project"; name = Nimble.xcodeproj; path = Carthage.checkout/Nimble/Nimble.xcodeproj; sourceTree = "<group>"; };
		EAB193041A2F8D910002C6D0 /* Cascade.xcodeproj */ = {isa = PBXFileReference; lastKnownFileType = "wrapper.pb-project"; name = Cascade.xcodeproj; path = Carthage.checkout/Cascade/Cascade.xcodeproj; sourceTree = SOURCE_ROOT; };
		EAB193151A2F8F8A0002C6D0 /* CascadeViewController.swift */ = {isa = PBXFileReference; fileEncoding = 4; lastKnownFileType = sourcecode.swift; path = CascadeViewController.swift; sourceTree = "<group>"; };
		EAB193171A2F9BD90002C6D0 /* PoppinsCell.swift */ = {isa = PBXFileReference; fileEncoding = 4; lastKnownFileType = sourcecode.swift; path = PoppinsCell.swift; sourceTree = "<group>"; };
		EAB193191A2FA0740002C6D0 /* LinkAccountViewController.swift */ = {isa = PBXFileReference; fileEncoding = 4; lastKnownFileType = sourcecode.swift; path = LinkAccountViewController.swift; sourceTree = "<group>"; };
		EAB1931B1A2FA8920002C6D0 /* ApplicationController.swift */ = {isa = PBXFileReference; fileEncoding = 4; lastKnownFileType = sourcecode.swift; path = ApplicationController.swift; sourceTree = "<group>"; };
		EAB2111B1A24D7650069A5C6 /* UnconfiguredService.swift */ = {isa = PBXFileReference; fileEncoding = 4; lastKnownFileType = sourcecode.swift; path = UnconfiguredService.swift; sourceTree = "<group>"; };
		EAB2111D1A24DEEA0069A5C6 /* UIApplication.swift */ = {isa = PBXFileReference; fileEncoding = 4; lastKnownFileType = sourcecode.swift; path = UIApplication.swift; sourceTree = "<group>"; };
		EAB211201A24E2EB0069A5C6 /* FakeDropboxService.swift */ = {isa = PBXFileReference; fileEncoding = 4; lastKnownFileType = sourcecode.swift; path = FakeDropboxService.swift; sourceTree = "<group>"; };
		EAB211221A2508C50069A5C6 /* NotificationListener.swift */ = {isa = PBXFileReference; fileEncoding = 4; lastKnownFileType = sourcecode.swift; path = NotificationListener.swift; sourceTree = "<group>"; };
		EAF49B8A1A30FF1000B395DF /* UIImage.swift */ = {isa = PBXFileReference; fileEncoding = 4; lastKnownFileType = sourcecode.swift; path = UIImage.swift; sourceTree = "<group>"; };
/* End PBXFileReference section */

/* Begin PBXFrameworksBuildPhase section */
		24AC0AFE7BA3D43C7C04603F /* Frameworks */ = {
			isa = PBXFrameworksBuildPhase;
			buildActionMask = 2147483647;
			files = (
				EAB1930F1A2F8E3E0002C6D0 /* Nimble.framework in Frameworks */,
				EAB193101A2F8E3E0002C6D0 /* Quick.framework in Frameworks */,
			);
			runOnlyForDeploymentPostprocessing = 0;
		};
		D6B504CCA3352A78D13680B4 /* Frameworks */ = {
			isa = PBXFrameworksBuildPhase;
			buildActionMask = 2147483647;
			files = (
				EA835D801A1AA7310033AE00 /* libz.dylib in Frameworks */,
				EAB1930A1A2F8DC40002C6D0 /* Cascade.framework in Frameworks */,
				EA835D7E1A1AA7250033AE00 /* libc++.dylib in Frameworks */,
				EA835D7C1A1AA7140033AE00 /* QuartzCore.framework in Frameworks */,
				EA835D7A1A1AA70D0033AE00 /* SystemConfiguration.framework in Frameworks */,
				EA835D781A1AA7000033AE00 /* Security.framework in Frameworks */,
				EA835D761A1AA6FB0033AE00 /* CFNetwork.framework in Frameworks */,
				EA835D741A1AA6E10033AE00 /* Dropbox.framework in Frameworks */,
			);
			runOnlyForDeploymentPostprocessing = 0;
		};
/* End PBXFrameworksBuildPhase section */

/* Begin PBXGroup section */
		0A2D6994F26EB0EA08A74735 /* UnitTests */ = {
			isa = PBXGroup;
			children = (
				EAB2111F1A24E2690069A5C6 /* Fakes */,
				DFFBDF0EB997B7BFC5676114 /* Resources */,
				8F24E5C5275E4C376C3538D4 /* Helpers */,
				9FE417C441FA1B4E62E13330 /* Tests */,
				F8B20F131A1D35AA00E8617F /* Frameworks */,
			);
			path = UnitTests;
			sourceTree = "<group>";
		};
		21ED4FA1DE6784D1F53EA793 = {
			isa = PBXGroup;
			children = (
				CD6F8D6182180892DF070680 /* Poppins */,
				0A2D6994F26EB0EA08A74735 /* UnitTests */,
				D891CE07DB60305C53AEBC5A /* Products */,
			);
			indentWidth = 4;
			sourceTree = "<group>";
			tabWidth = 4;
			usesTabs = 0;
		};
		243AB5E3CA6007E62EFE04E7 /* Protocols */ = {
			isa = PBXGroup;
			children = (
				EA835D811A1BA0560033AE00 /* SyncableService.swift */,
			);
			path = Protocols;
			sourceTree = "<group>";
		};
		3B8F3C69D1C7435C4717945C /* Views */ = {
			isa = PBXGroup;
			children = (
				EAB193171A2F9BD90002C6D0 /* PoppinsCell.swift */,
			);
			path = Views;
			sourceTree = "<group>";
		};
		49F032B1FEF5FD5EF26F9DE7 /* Storyboards */ = {
			isa = PBXGroup;
			children = (
				3C2E4731BAC412231FABC50C /* Main.storyboard */,
			);
			path = Storyboards;
			sourceTree = "<group>";
		};
		5EAEEA5A9A711562DD19B8DF /* Other-Sources */ = {
			isa = PBXGroup;
			children = (
				EA835D851A1BA1470033AE00 /* Poppins-Bridging-Header.h */,
				6C8F5A473AB2C1C4E96CABB0 /* Info.plist */,
			);
			path = "Other-Sources";
			sourceTree = "<group>";
		};
		7F98ED4DFBE763233E37A145 /* ViewModels */ = {
			isa = PBXGroup;
			children = (
			);
			path = ViewModels;
			sourceTree = "<group>";
		};
		8F24E5C5275E4C376C3538D4 /* Helpers */ = {
			isa = PBXGroup;
			children = (
				EAB211221A2508C50069A5C6 /* NotificationListener.swift */,
			);
			path = Helpers;
			sourceTree = "<group>";
		};
		97EECE52D262452A82126E4F /* Models */ = {
			isa = PBXGroup;
			children = (
				EA835D831A1BA09D0033AE00 /* DropboxService.swift */,
				EAACE1E91A1BA7FD00E3C43D /* SyncManager.swift */,
				EA3EEDEF1A1CEC1D00DE2F3A /* Service.swift */,
				EA34E7841A1CFD4F00875CFC /* Async.swift */,
				EA45EF421A1D4C36001E6178 /* Result.swift */,
				EAB2111B1A24D7650069A5C6 /* UnconfiguredService.swift */,
			);
			path = Models;
			sourceTree = "<group>";
		};
		9B88E0AB406E4C76442BEB17 /* Extensions */ = {
			isa = PBXGroup;
			children = (
				EA7A042F1A23ADB8002C73AF /* DBFilesystem.swift */,
				EA7A04311A23B176002C73AF /* DBFile.swift */,
				EAB2111D1A24DEEA0069A5C6 /* UIApplication.swift */,
				EAF49B8A1A30FF1000B395DF /* UIImage.swift */,
			);
			path = Extensions;
			sourceTree = "<group>";
		};
		9FE417C441FA1B4E62E13330 /* Tests */ = {
			isa = PBXGroup;
			children = (
				EA7A04331A23BB3B002C73AF /* Models */,
			);
			path = Tests;
			sourceTree = "<group>";
		};
		B029715156528B30CC3AA355 /* Nibs */ = {
			isa = PBXGroup;
			children = (
				75B6C9E72DDC09CBDC887474 /* LaunchScreen.xib */,
			);
			path = Nibs;
			sourceTree = "<group>";
		};
		C10628858FBC5CFBEF2E82A5 /* Controllers */ = {
			isa = PBXGroup;
			children = (
				636D3C7953B819874CE387DA /* AppDelegate.swift */,
				EAB193151A2F8F8A0002C6D0 /* CascadeViewController.swift */,
				EAB193191A2FA0740002C6D0 /* LinkAccountViewController.swift */,
				EAB1931B1A2FA8920002C6D0 /* ApplicationController.swift */,
			);
			path = Controllers;
			sourceTree = "<group>";
		};
		CD6F8D6182180892DF070680 /* Poppins */ = {
			isa = PBXGroup;
			children = (
				EAACE1EE1A1BA90800E3C43D /* Operators */,
				9B88E0AB406E4C76442BEB17 /* Extensions */,
				243AB5E3CA6007E62EFE04E7 /* Protocols */,
				97EECE52D262452A82126E4F /* Models */,
				7F98ED4DFBE763233E37A145 /* ViewModels */,
				C10628858FBC5CFBEF2E82A5 /* Controllers */,
				3B8F3C69D1C7435C4717945C /* Views */,
				EEF0CA746796050EB40ADC3E /* Resources */,
				EAB192E41A2F8D420002C6D0 /* Frameworks */,
			);
			path = Poppins;
			sourceTree = "<group>";
		};
		D891CE07DB60305C53AEBC5A /* Products */ = {
			isa = PBXGroup;
			children = (
				ABB0894473AAFE7E68C6396D /* Poppins.app */,
				A7291FA7576673F55122E623 /* UnitTests.xctest */,
			);
			name = Products;
			sourceTree = "<group>";
		};
		DFFBDF0EB997B7BFC5676114 /* Resources */ = {
			isa = PBXGroup;
			children = (
				2687C52B5525793534A0348B /* UnitTests-Info.plist */,
			);
			path = Resources;
			sourceTree = "<group>";
		};
		EA7A04331A23BB3B002C73AF /* Models */ = {
			isa = PBXGroup;
			children = (
				EA7A04341A23BB69002C73AF /* SyncManagerSpec.swift */,
			);
			path = Models;
			sourceTree = "<group>";
		};
		EAACE1EE1A1BA90800E3C43D /* Operators */ = {
			isa = PBXGroup;
			children = (
				EAACE1EF1A1BA93700E3C43D /* Operators.swift */,
				EAACE1F11A1BA9BF00E3C43D /* Optional.swift */,
				EA7A042D1A1E44D8002C73AF /* Results.swift */,
			);
			path = Operators;
			sourceTree = "<group>";
		};
		EAB192E41A2F8D420002C6D0 /* Frameworks */ = {
			isa = PBXGroup;
			children = (
				EAB193041A2F8D910002C6D0 /* Cascade.xcodeproj */,
			);
			name = Frameworks;
			sourceTree = "<group>";
		};
		EAB192E61A2F8D820002C6D0 /* Products */ = {
			isa = PBXGroup;
			children = (
				EAB192EE1A2F8D820002C6D0 /* Quick.framework */,
				EAB192F01A2F8D820002C6D0 /* Quick-OSXTests.xctest */,
				EAB192F21A2F8D820002C6D0 /* Quick.framework */,
				EAB192F41A2F8D820002C6D0 /* Quick-iOSTests.xctest */,
			);
			name = Products;
			sourceTree = "<group>";
		};
		EAB192F61A2F8D8A0002C6D0 /* Products */ = {
			isa = PBXGroup;
			children = (
				EAB192FD1A2F8D8A0002C6D0 /* Nimble.framework */,
				EAB192FF1A2F8D8A0002C6D0 /* NimbleTests.xctest */,
				EAB193011A2F8D8A0002C6D0 /* Nimble.framework */,
				EAB193031A2F8D8A0002C6D0 /* NimbleTests.xctest */,
			);
			name = Products;
			sourceTree = "<group>";
		};
		EAB193051A2F8D910002C6D0 /* Products */ = {
			isa = PBXGroup;
			children = (
				EAB193091A2F8D920002C6D0 /* Cascade.framework */,
			);
			name = Products;
			sourceTree = "<group>";
		};
		EAB2111F1A24E2690069A5C6 /* Fakes */ = {
			isa = PBXGroup;
			children = (
				EAB211201A24E2EB0069A5C6 /* FakeDropboxService.swift */,
			);
			path = Fakes;
			sourceTree = "<group>";
		};
		EEF0CA746796050EB40ADC3E /* Resources */ = {
			isa = PBXGroup;
			children = (
				0A2729CDC3064EC8E18E74E8 /* Images.xcassets */,
				49F032B1FEF5FD5EF26F9DE7 /* Storyboards */,
				B029715156528B30CC3AA355 /* Nibs */,
				5EAEEA5A9A711562DD19B8DF /* Other-Sources */,
			);
			path = Resources;
			sourceTree = "<group>";
		};
		F8B20F131A1D35AA00E8617F /* Frameworks */ = {
			isa = PBXGroup;
			children = (
				EAB192E51A2F8D820002C6D0 /* Quick.xcodeproj */,
				EAB192F51A2F8D8A0002C6D0 /* Nimble.xcodeproj */,
			);
			name = Frameworks;
			path = ..;
			sourceTree = "<group>";
		};
/* End PBXGroup section */

/* Begin PBXNativeTarget section */
		2DBA6B2B62D406A34A4331FC /* UnitTests */ = {
			isa = PBXNativeTarget;
			buildConfigurationList = 1BB06F441B11609F08E21A10 /* Build configuration list for PBXNativeTarget "UnitTests" */;
			buildPhases = (
				5ED4D54F2118421E34F60D4B /* Sources */,
				24AC0AFE7BA3D43C7C04603F /* Frameworks */,
				2B880047512FD84ED462077B /* Resources */,
				EAB211181A23D6520069A5C6 /* CopyFiles */,
			);
			buildRules = (
			);
			dependencies = (
				38098CEC83177205EA7102E2 /* PBXTargetDependency */,
			);
			name = UnitTests;
			productName = UnitTests;
			productReference = A7291FA7576673F55122E623 /* UnitTests.xctest */;
			productType = "com.apple.product-type.bundle.unit-test";
		};
		4E511CA83D18390E4117F469 /* Poppins */ = {
			isa = PBXNativeTarget;
			buildConfigurationList = 14417E12EB57973EFBD9B235 /* Build configuration list for PBXNativeTarget "Poppins" */;
			buildPhases = (
				D01FF001B12CC6AF740546A8 /* Sources */,
				D6B504CCA3352A78D13680B4 /* Frameworks */,
				5723682AFF856008F564888D /* Resources */,
				7751DD704587A0B455FDB517 /* Warn for TODO and FIXME comments */,
				EAB1930E1A2F8DC40002C6D0 /* Embed Frameworks */,
			);
			buildRules = (
			);
			dependencies = (
				EAB1930D1A2F8DC40002C6D0 /* PBXTargetDependency */,
			);
			name = Poppins;
			productName = Poppins;
			productReference = ABB0894473AAFE7E68C6396D /* Poppins.app */;
			productType = "com.apple.product-type.application";
		};
/* End PBXNativeTarget section */

/* Begin PBXProject section */
		BBAD5EE8160C5BC2C5877301 /* Project object */ = {
			isa = PBXProject;
			attributes = {
				CLASSPREFIX = POP;
				LastUpgradeCheck = 0510;
				ORGANIZATIONNAME = thoughtbot;
			};
			buildConfigurationList = 92050B833C05DE2E49F161F0 /* Build configuration list for PBXProject "Poppins" */;
			compatibilityVersion = "Xcode 3.2";
			developmentRegion = English;
			hasScannedForEncodings = 0;
			knownRegions = (
				en,
			);
			mainGroup = 21ED4FA1DE6784D1F53EA793;
			productRefGroup = D891CE07DB60305C53AEBC5A /* Products */;
			projectDirPath = "";
			projectReferences = (
				{
					ProductGroup = EAB193051A2F8D910002C6D0 /* Products */;
					ProjectRef = EAB193041A2F8D910002C6D0 /* Cascade.xcodeproj */;
				},
				{
					ProductGroup = EAB192F61A2F8D8A0002C6D0 /* Products */;
					ProjectRef = EAB192F51A2F8D8A0002C6D0 /* Nimble.xcodeproj */;
				},
				{
					ProductGroup = EAB192E61A2F8D820002C6D0 /* Products */;
					ProjectRef = EAB192E51A2F8D820002C6D0 /* Quick.xcodeproj */;
				},
			);
			projectRoot = "";
			targets = (
				4E511CA83D18390E4117F469 /* Poppins */,
				2DBA6B2B62D406A34A4331FC /* UnitTests */,
			);
		};
/* End PBXProject section */

/* Begin PBXReferenceProxy section */
		EAB192EE1A2F8D820002C6D0 /* Quick.framework */ = {
			isa = PBXReferenceProxy;
			fileType = wrapper.framework;
			path = Quick.framework;
			remoteRef = EAB192ED1A2F8D820002C6D0 /* PBXContainerItemProxy */;
			sourceTree = BUILT_PRODUCTS_DIR;
		};
		EAB192F01A2F8D820002C6D0 /* Quick-OSXTests.xctest */ = {
			isa = PBXReferenceProxy;
			fileType = wrapper.cfbundle;
			path = "Quick-OSXTests.xctest";
			remoteRef = EAB192EF1A2F8D820002C6D0 /* PBXContainerItemProxy */;
			sourceTree = BUILT_PRODUCTS_DIR;
		};
		EAB192F21A2F8D820002C6D0 /* Quick.framework */ = {
			isa = PBXReferenceProxy;
			fileType = wrapper.framework;
			path = Quick.framework;
			remoteRef = EAB192F11A2F8D820002C6D0 /* PBXContainerItemProxy */;
			sourceTree = BUILT_PRODUCTS_DIR;
		};
		EAB192F41A2F8D820002C6D0 /* Quick-iOSTests.xctest */ = {
			isa = PBXReferenceProxy;
			fileType = wrapper.cfbundle;
			path = "Quick-iOSTests.xctest";
			remoteRef = EAB192F31A2F8D820002C6D0 /* PBXContainerItemProxy */;
			sourceTree = BUILT_PRODUCTS_DIR;
		};
		EAB192FD1A2F8D8A0002C6D0 /* Nimble.framework */ = {
			isa = PBXReferenceProxy;
			fileType = wrapper.framework;
			path = Nimble.framework;
			remoteRef = EAB192FC1A2F8D8A0002C6D0 /* PBXContainerItemProxy */;
			sourceTree = BUILT_PRODUCTS_DIR;
		};
		EAB192FF1A2F8D8A0002C6D0 /* NimbleTests.xctest */ = {
			isa = PBXReferenceProxy;
			fileType = wrapper.cfbundle;
			path = NimbleTests.xctest;
			remoteRef = EAB192FE1A2F8D8A0002C6D0 /* PBXContainerItemProxy */;
			sourceTree = BUILT_PRODUCTS_DIR;
		};
		EAB193011A2F8D8A0002C6D0 /* Nimble.framework */ = {
			isa = PBXReferenceProxy;
			fileType = wrapper.framework;
			path = Nimble.framework;
			remoteRef = EAB193001A2F8D8A0002C6D0 /* PBXContainerItemProxy */;
			sourceTree = BUILT_PRODUCTS_DIR;
		};
		EAB193031A2F8D8A0002C6D0 /* NimbleTests.xctest */ = {
			isa = PBXReferenceProxy;
			fileType = wrapper.cfbundle;
			path = NimbleTests.xctest;
			remoteRef = EAB193021A2F8D8A0002C6D0 /* PBXContainerItemProxy */;
			sourceTree = BUILT_PRODUCTS_DIR;
		};
		EAB193091A2F8D920002C6D0 /* Cascade.framework */ = {
			isa = PBXReferenceProxy;
			fileType = wrapper.framework;
			path = Cascade.framework;
			remoteRef = EAB193081A2F8D920002C6D0 /* PBXContainerItemProxy */;
			sourceTree = BUILT_PRODUCTS_DIR;
		};
/* End PBXReferenceProxy section */

/* Begin PBXResourcesBuildPhase section */
		2B880047512FD84ED462077B /* Resources */ = {
			isa = PBXResourcesBuildPhase;
			buildActionMask = 2147483647;
			files = (
			);
			runOnlyForDeploymentPostprocessing = 0;
		};
		5723682AFF856008F564888D /* Resources */ = {
			isa = PBXResourcesBuildPhase;
			buildActionMask = 2147483647;
			files = (
				52F67282AB2CBF409064A361 /* Images.xcassets in Resources */,
			);
			runOnlyForDeploymentPostprocessing = 0;
		};
/* End PBXResourcesBuildPhase section */

/* Begin PBXShellScriptBuildPhase section */
		7751DD704587A0B455FDB517 /* Warn for TODO and FIXME comments */ = {
			isa = PBXShellScriptBuildPhase;
			buildActionMask = 2147483647;
			files = (
			);
			inputPaths = (
			);
			name = "Warn for TODO and FIXME comments";
			outputPaths = (
			);
			runOnlyForDeploymentPostprocessing = 0;
			shellPath = /bin/sh;
			shellScript = "KEYWORDS=\"TODO:|FIXME:|\\?\\?\\?:|\\!\\!\\!:\"\nFILE_EXTENSIONS=\"h|m|mm|c|cpp\"\nfind -E \"${SRCROOT}\" -ipath \"${SRCROOT}/pods\" -prune -o \\( -regex \".*\\.($FILE_EXTENSIONS)$\" \\) -print0 | xargs -0 egrep --with-filename --line-number --only-matching \"($KEYWORDS).*\\$\" | perl -p -e \"s/($KEYWORDS)/ warning: \\$1/\"\n";
		};
/* End PBXShellScriptBuildPhase section */

/* Begin PBXSourcesBuildPhase section */
		5ED4D54F2118421E34F60D4B /* Sources */ = {
			isa = PBXSourcesBuildPhase;
			buildActionMask = 2147483647;
			files = (
				EA7A04351A23BB69002C73AF /* SyncManagerSpec.swift in Sources */,
				EAB211211A24E2EB0069A5C6 /* FakeDropboxService.swift in Sources */,
				EAB211231A2508C50069A5C6 /* NotificationListener.swift in Sources */,
			);
			runOnlyForDeploymentPostprocessing = 0;
		};
		D01FF001B12CC6AF740546A8 /* Sources */ = {
			isa = PBXSourcesBuildPhase;
			buildActionMask = 2147483647;
			files = (
				EAACE1EA1A1BA7FD00E3C43D /* SyncManager.swift in Sources */,
				EAB193161A2F8F8A0002C6D0 /* CascadeViewController.swift in Sources */,
				EA3EEDF01A1CEC1D00DE2F3A /* Service.swift in Sources */,
				EAACE1F01A1BA93700E3C43D /* Operators.swift in Sources */,
				EA7A042E1A1E44D8002C73AF /* Results.swift in Sources */,
				EAB193181A2F9BD90002C6D0 /* PoppinsCell.swift in Sources */,
				EAF49B8B1A30FF1000B395DF /* UIImage.swift in Sources */,
				EAB1931A1A2FA0740002C6D0 /* LinkAccountViewController.swift in Sources */,
				EAACE1F21A1BA9BF00E3C43D /* Optional.swift in Sources */,
				EAB2111E1A24DEEA0069A5C6 /* UIApplication.swift in Sources */,
				EA45EF431A1D4C36001E6178 /* Result.swift in Sources */,
				EA835D841A1BA09D0033AE00 /* DropboxService.swift in Sources */,
				EA34E7851A1CFD4F00875CFC /* Async.swift in Sources */,
				6552338E2EB4663B2328ED58 /* AppDelegate.swift in Sources */,
				6A696F747A9BF689A96680CC /* Main.storyboard in Sources */,
				EAB1931C1A2FA8920002C6D0 /* ApplicationController.swift in Sources */,
				EA835D821A1BA0560033AE00 /* SyncableService.swift in Sources */,
				EA7A04321A23B176002C73AF /* DBFile.swift in Sources */,
				0A29E77C11C2C881B0361ADD /* LaunchScreen.xib in Sources */,
				EAB2111C1A24D7650069A5C6 /* UnconfiguredService.swift in Sources */,
				EA7A04301A23ADB8002C73AF /* DBFilesystem.swift in Sources */,
			);
			runOnlyForDeploymentPostprocessing = 0;
		};
/* End PBXSourcesBuildPhase section */

/* Begin PBXTargetDependency section */
		38098CEC83177205EA7102E2 /* PBXTargetDependency */ = {
			isa = PBXTargetDependency;
			target = 4E511CA83D18390E4117F469 /* Poppins */;
			targetProxy = 13F35E0C39519C8CB61B424C /* PBXContainerItemProxy */;
		};
		EAB1930D1A2F8DC40002C6D0 /* PBXTargetDependency */ = {
			isa = PBXTargetDependency;
			name = Cascade;
			targetProxy = EAB1930C1A2F8DC40002C6D0 /* PBXContainerItemProxy */;
		};
/* End PBXTargetDependency section */

/* Begin XCBuildConfiguration section */
		02E25AB839B137527234A708 /* Release */ = {
			isa = XCBuildConfiguration;
			buildSettings = {
				BUNDLE_LOADER = "$(BUILT_PRODUCTS_DIR)/Poppins.app/Poppins";
				CLANG_ENABLE_MODULES = YES;
				FRAMEWORK_SEARCH_PATHS = (
					"$(SDKROOT)/Developer/Library/Frameworks",
					"$(inherited)",
					"$(DEVELOPER_FRAMEWORKS_DIR)",
					"$(PROJECT_DIR)/Carthage.build/iOS",
				);
				INFOPLIST_FILE = "UnitTests/Resources/UnitTests-Info.plist";
				LD_RUNPATH_SEARCH_PATHS = "$(inherited) @executable_path/Frameworks @loader_path/Frameworks";
				PRODUCT_NAME = "$(TARGET_NAME)";
				SDKROOT = iphoneos;
				SKIP_INSTALL = YES;
				TEST_HOST = "$(BUNDLE_LOADER)";
				WRAPPER_EXTENSION = xctest;
			};
			name = Release;
		};
		0947925760929CB551D35466 /* Release */ = {
			isa = XCBuildConfiguration;
			buildSettings = {
				ALWAYS_SEARCH_USER_PATHS = NO;
				CLANG_ENABLE_MODULES = YES;
				COPY_PHASE_STRIP = YES;
				DSTROOT = /tmp/xcodeproj.dst;
				EMBEDDED_CONTENT_CONTAINS_SWIFT = YES;
				FRAMEWORK_SEARCH_PATHS = "$(inherited)";
				GCC_PRECOMPILE_PREFIX_HEADER = YES;
				GCC_TREAT_WARNINGS_AS_ERRORS = YES;
				INFOPLIST_FILE = "Poppins/Resources/Other-Sources/Info.plist";
				INSTALL_PATH = "$(BUILT_PRODUCTS_DIR)";
				LD_RUNPATH_SEARCH_PATHS = "$(inherited) @executable_path/Frameworks";
				OTHER_CFLAGS = (
					"-DNS_BLOCK_ASSERTIONS=1",
					"$(inherited)",
				);
				OTHER_CPLUSPLUSFLAGS = (
					"-DNS_BLOCK_ASSERTIONS=1",
					"$(inherited)",
				);
				PRODUCT_NAME = "$(TARGET_NAME)";
				PUBLIC_HEADERS_FOLDER_PATH = "$(TARGET_NAME)";
				SDKROOT = iphoneos;
				VALIDATE_PRODUCT = YES;
			};
			name = Release;
		};
		70F745B2CD2670C497089B02 /* Debug */ = {
			isa = XCBuildConfiguration;
			buildSettings = {
				ALWAYS_SEARCH_USER_PATHS = NO;
				CLANG_ENABLE_MODULES = YES;
				COPY_PHASE_STRIP = NO;
				DSTROOT = /tmp/xcodeproj.dst;
				EMBEDDED_CONTENT_CONTAINS_SWIFT = YES;
				FRAMEWORK_SEARCH_PATHS = "$(inherited)";
				GCC_DYNAMIC_NO_PIC = NO;
				GCC_OPTIMIZATION_LEVEL = 0;
				GCC_PRECOMPILE_PREFIX_HEADER = YES;
				GCC_PREPROCESSOR_DEFINITIONS = (
					"DEBUG=1",
					"$(inherited)",
				);
				GCC_SYMBOLS_PRIVATE_EXTERN = NO;
				INFOPLIST_FILE = "Poppins/Resources/Other-Sources/Info.plist";
				INSTALL_PATH = "$(BUILT_PRODUCTS_DIR)";
				LD_RUNPATH_SEARCH_PATHS = "$(inherited) @executable_path/Frameworks";
				PRODUCT_NAME = "$(TARGET_NAME)";
				PUBLIC_HEADERS_FOLDER_PATH = "$(TARGET_NAME)";
				SDKROOT = iphoneos;
				SWIFT_OPTIMIZATION_LEVEL = "-Onone";
			};
			name = Debug;
		};
		AFAC2F5F893B59A6E7422085 /* Release */ = {
			isa = XCBuildConfiguration;
			buildSettings = {
				ALWAYS_SEARCH_USER_PATHS = NO;
				ASSETCATALOG_COMPILER_APPICON_NAME = AppIcon;
				CLANG_CXX_LANGUAGE_STANDARD = "gnu++0x";
				CLANG_CXX_LIBRARY = "libc++";
				CLANG_ENABLE_MODULES = YES;
				CLANG_ENABLE_OBJC_ARC = YES;
				CLANG_WARN_BOOL_CONVERSION = YES;
				CLANG_WARN_CONSTANT_CONVERSION = YES;
				CLANG_WARN_DEPRECATED_OBJC_IMPLEMENTATIONS = YES;
				CLANG_WARN_DIRECT_OBJC_ISA_USAGE = YES;
				CLANG_WARN_EMPTY_BODY = YES;
				CLANG_WARN_ENUM_CONVERSION = YES;
				CLANG_WARN_IMPLICIT_SIGN_CONVERSION = YES;
				CLANG_WARN_INT_CONVERSION = YES;
				CLANG_WARN_OBJC_IMPLICIT_RETAIN_SELF = YES;
				CLANG_WARN_OBJC_ROOT_CLASS = YES;
				CLANG_WARN_SUSPICIOUS_IMPLICIT_CONVERSION = YES;
				"CODE_SIGN_IDENTITY[sdk=iphoneos*]" = "iPhone Developer";
				COPY_PHASE_STRIP = NO;
				ENABLE_NS_ASSERTIONS = NO;
				FRAMEWORK_SEARCH_PATHS = "${PROJECT_DIR}/Frameworks";
				GCC_C_LANGUAGE_STANDARD = gnu99;
				GCC_WARN_64_TO_32_BIT_CONVERSION = YES;
				GCC_WARN_ABOUT_DEPRECATED_FUNCTIONS = YES;
				GCC_WARN_ABOUT_MISSING_FIELD_INITIALIZERS = YES;
				GCC_WARN_ABOUT_MISSING_NEWLINE = YES;
				GCC_WARN_ABOUT_RETURN_TYPE = YES;
				GCC_WARN_CHECK_SWITCH_STATEMENTS = YES;
				GCC_WARN_INITIALIZER_NOT_FULLY_BRACKETED = YES;
				GCC_WARN_MISSING_PARENTHESES = YES;
				GCC_WARN_SHADOW = YES;
				GCC_WARN_SIGN_COMPARE = YES;
				GCC_WARN_TYPECHECK_CALLS_TO_PRINTF = YES;
				GCC_WARN_UNDECLARED_SELECTOR = YES;
				GCC_WARN_UNINITIALIZED_AUTOS = YES;
				GCC_WARN_UNUSED_FUNCTION = YES;
				GCC_WARN_UNUSED_LABEL = YES;
				GCC_WARN_UNUSED_VALUE = YES;
				GCC_WARN_UNUSED_VARIABLE = YES;
				IPHONEOS_DEPLOYMENT_TARGET = 8.0;
				RUN_CLANG_STATIC_ANALYZER = YES;
				SDKROOT = iphoneos;
				SWIFT_OBJC_BRIDGING_HEADER = "Poppins/Resources/Other-Sources/Poppins-Bridging-Header.h";
				VALIDATE_PRODUCT = YES;
			};
			name = Release;
		};
		BD0FBA95A1109CBE024464BF /* Debug */ = {
			isa = XCBuildConfiguration;
			buildSettings = {
				ALWAYS_SEARCH_USER_PATHS = NO;
				ASSETCATALOG_COMPILER_APPICON_NAME = AppIcon;
				CLANG_CXX_LANGUAGE_STANDARD = "gnu++0x";
				CLANG_CXX_LIBRARY = "libc++";
				CLANG_ENABLE_MODULES = YES;
				CLANG_ENABLE_OBJC_ARC = YES;
				CLANG_WARN_BOOL_CONVERSION = YES;
				CLANG_WARN_CONSTANT_CONVERSION = YES;
				CLANG_WARN_DEPRECATED_OBJC_IMPLEMENTATIONS = YES;
				CLANG_WARN_DIRECT_OBJC_ISA_USAGE = YES;
				CLANG_WARN_EMPTY_BODY = YES;
				CLANG_WARN_ENUM_CONVERSION = YES;
				CLANG_WARN_IMPLICIT_SIGN_CONVERSION = YES;
				CLANG_WARN_INT_CONVERSION = YES;
				CLANG_WARN_OBJC_IMPLICIT_RETAIN_SELF = YES;
				CLANG_WARN_OBJC_ROOT_CLASS = YES;
				CLANG_WARN_SUSPICIOUS_IMPLICIT_CONVERSION = YES;
				"CODE_SIGN_IDENTITY[sdk=iphoneos*]" = "iPhone Developer";
				COPY_PHASE_STRIP = YES;
				FRAMEWORK_SEARCH_PATHS = "${PROJECT_DIR}/Frameworks";
				GCC_C_LANGUAGE_STANDARD = gnu99;
				GCC_DYNAMIC_NO_PIC = NO;
				GCC_OPTIMIZATION_LEVEL = 0;
				GCC_PREPROCESSOR_DEFINITIONS = (
					"DEBUG=1",
					"$(inherited)",
				);
				GCC_SYMBOLS_PRIVATE_EXTERN = NO;
				GCC_WARN_64_TO_32_BIT_CONVERSION = YES;
				GCC_WARN_ABOUT_DEPRECATED_FUNCTIONS = YES;
				GCC_WARN_ABOUT_MISSING_FIELD_INITIALIZERS = YES;
				GCC_WARN_ABOUT_MISSING_NEWLINE = YES;
				GCC_WARN_ABOUT_RETURN_TYPE = YES;
				GCC_WARN_CHECK_SWITCH_STATEMENTS = YES;
				GCC_WARN_INITIALIZER_NOT_FULLY_BRACKETED = YES;
				GCC_WARN_MISSING_PARENTHESES = YES;
				GCC_WARN_SHADOW = YES;
				GCC_WARN_SIGN_COMPARE = YES;
				GCC_WARN_TYPECHECK_CALLS_TO_PRINTF = YES;
				GCC_WARN_UNDECLARED_SELECTOR = YES;
				GCC_WARN_UNINITIALIZED_AUTOS = YES;
				GCC_WARN_UNUSED_FUNCTION = YES;
				GCC_WARN_UNUSED_LABEL = YES;
				GCC_WARN_UNUSED_VALUE = YES;
				GCC_WARN_UNUSED_VARIABLE = YES;
				IPHONEOS_DEPLOYMENT_TARGET = 8.0;
				ONLY_ACTIVE_ARCH = YES;
				RUN_CLANG_STATIC_ANALYZER = YES;
				SDKROOT = iphoneos;
				SWIFT_OBJC_BRIDGING_HEADER = "Poppins/Resources/Other-Sources/Poppins-Bridging-Header.h";
			};
			name = Debug;
		};
		DFEF60CD964FF44B937666E9 /* Debug */ = {
			isa = XCBuildConfiguration;
			buildSettings = {
				BUNDLE_LOADER = "$(BUILT_PRODUCTS_DIR)/Poppins.app/Poppins";
				CLANG_ENABLE_MODULES = YES;
				FRAMEWORK_SEARCH_PATHS = (
					"$(SDKROOT)/Developer/Library/Frameworks",
					"$(inherited)",
					"$(DEVELOPER_FRAMEWORKS_DIR)",
					"$(PROJECT_DIR)/Carthage.build/iOS",
				);
				INFOPLIST_FILE = "UnitTests/Resources/UnitTests-Info.plist";
				LD_RUNPATH_SEARCH_PATHS = "$(inherited) @executable_path/Frameworks @loader_path/Frameworks";
				PRODUCT_NAME = "$(TARGET_NAME)";
				SDKROOT = iphoneos;
				SKIP_INSTALL = YES;
				SWIFT_OPTIMIZATION_LEVEL = "-Onone";
				TEST_HOST = "$(BUNDLE_LOADER)";
				WRAPPER_EXTENSION = xctest;
			};
			name = Debug;
		};
/* End XCBuildConfiguration section */

/* Begin XCConfigurationList section */
		14417E12EB57973EFBD9B235 /* Build configuration list for PBXNativeTarget "Poppins" */ = {
			isa = XCConfigurationList;
			buildConfigurations = (
				0947925760929CB551D35466 /* Release */,
				70F745B2CD2670C497089B02 /* Debug */,
			);
			defaultConfigurationIsVisible = 0;
			defaultConfigurationName = Release;
		};
		1BB06F441B11609F08E21A10 /* Build configuration list for PBXNativeTarget "UnitTests" */ = {
			isa = XCConfigurationList;
			buildConfigurations = (
				02E25AB839B137527234A708 /* Release */,
				DFEF60CD964FF44B937666E9 /* Debug */,
			);
			defaultConfigurationIsVisible = 0;
			defaultConfigurationName = Release;
		};
		92050B833C05DE2E49F161F0 /* Build configuration list for PBXProject "Poppins" */ = {
			isa = XCConfigurationList;
			buildConfigurations = (
				BD0FBA95A1109CBE024464BF /* Debug */,
				AFAC2F5F893B59A6E7422085 /* Release */,
			);
			defaultConfigurationIsVisible = 0;
			defaultConfigurationName = Release;
		};
/* End XCConfigurationList section */
	};
	rootObject = BBAD5EE8160C5BC2C5877301 /* Project object */;
}
