// !$*UTF8*$!
{
	archiveVersion = 1;
	classes = {
	};
	objectVersion = 46;
	objects = {

/* Begin PBXBuildFile section */
		0A29E77C11C2C881B0361ADD /* LaunchScreen.xib in Sources */ = {isa = PBXBuildFile; fileRef = 75B6C9E72DDC09CBDC887474 /* LaunchScreen.xib */; };
		52F67282AB2CBF409064A361 /* Images.xcassets in Resources */ = {isa = PBXBuildFile; fileRef = 0A2729CDC3064EC8E18E74E8 /* Images.xcassets */; };
		5D8975CA1A43807D00F72C27 /* Button.swift in Sources */ = {isa = PBXBuildFile; fileRef = 5D8975C91A43807D00F72C27 /* Button.swift */; };
		6552338E2EB4663B2328ED58 /* AppDelegate.swift in Sources */ = {isa = PBXBuildFile; fileRef = 636D3C7953B819874CE387DA /* AppDelegate.swift */; };
		6A696F747A9BF689A96680CC /* Main.storyboard in Sources */ = {isa = PBXBuildFile; fileRef = 3C2E4731BAC412231FABC50C /* Main.storyboard */; };
		EA137CCA1A7962F000A92B85 /* ImageFetcher.swift in Sources */ = {isa = PBXBuildFile; fileRef = EA137CC91A7962F000A92B85 /* ImageFetcher.swift */; };
		EA137CCB1A7962F000A92B85 /* ImageFetcher.swift in Sources */ = {isa = PBXBuildFile; fileRef = EA137CC91A7962F000A92B85 /* ImageFetcher.swift */; };
		EA137CD21A79773200A92B85 /* ImageFetchOperation.swift in Sources */ = {isa = PBXBuildFile; fileRef = EA137CD11A79773200A92B85 /* ImageFetchOperation.swift */; };
		EA137CD31A79773200A92B85 /* ImageFetchOperation.swift in Sources */ = {isa = PBXBuildFile; fileRef = EA137CD11A79773200A92B85 /* ImageFetchOperation.swift */; };
		EA137CE11A79943500A92B85 /* DropboxSDK.framework in Frameworks */ = {isa = PBXBuildFile; fileRef = EA137CE01A79943500A92B85 /* DropboxSDK.framework */; };
		EA137CE31A7A8FAC00A92B85 /* DropboxClient.swift in Sources */ = {isa = PBXBuildFile; fileRef = EA137CE21A7A8FAC00A92B85 /* DropboxClient.swift */; };
		EA137CE91A7ABF5800A92B85 /* PoppinsModel.xcdatamodeld in Sources */ = {isa = PBXBuildFile; fileRef = EA137CE71A7ABF5800A92B85 /* PoppinsModel.xcdatamodeld */; };
		EA137CF11A7AC34800A92B85 /* CachedImage.swift in Sources */ = {isa = PBXBuildFile; fileRef = EA137CF01A7AC34800A92B85 /* CachedImage.swift */; };
		EA137CF31A7AC3FC00A92B85 /* Store.swift in Sources */ = {isa = PBXBuildFile; fileRef = EA137CF21A7AC3FC00A92B85 /* Store.swift */; };
		EA137CF51A7AD29300A92B85 /* SyncEngine.swift in Sources */ = {isa = PBXBuildFile; fileRef = EA137CF41A7AD29300A92B85 /* SyncEngine.swift */; };
		EA137CF71A7AD37F00A92B85 /* SyncClient.swift in Sources */ = {isa = PBXBuildFile; fileRef = EA137CF61A7AD37F00A92B85 /* SyncClient.swift */; };
		EA137CF91A7AD40C00A92B85 /* FileInfo.swift in Sources */ = {isa = PBXBuildFile; fileRef = EA137CF81A7AD40C00A92B85 /* FileInfo.swift */; };
		EA13D8B71A77F53C00E2611C /* LinkAccountController.swift in Sources */ = {isa = PBXBuildFile; fileRef = EA13D8B61A77F53C00E2611C /* LinkAccountController.swift */; };
		EA13D8C81A7800F500E2611C /* CascadeController.swift in Sources */ = {isa = PBXBuildFile; fileRef = EA13D8C71A7800F500E2611C /* CascadeController.swift */; };
		EA13D8CA1A78014A00E2611C /* CascadeViewModel.swift in Sources */ = {isa = PBXBuildFile; fileRef = EA13D8C91A78014A00E2611C /* CascadeViewModel.swift */; };
		EA13D8CC1A780EA600E2611C /* ViewModelObserver.swift in Sources */ = {isa = PBXBuildFile; fileRef = EA13D8CB1A780EA600E2611C /* ViewModelObserver.swift */; };
		EA13D8CE1A7824FF00E2611C /* PoppinsCellViewModel.swift in Sources */ = {isa = PBXBuildFile; fileRef = EA13D8CD1A7824FF00E2611C /* PoppinsCellViewModel.swift */; };
		EA13D8D01A78265700E2611C /* PoppinsCellController.swift in Sources */ = {isa = PBXBuildFile; fileRef = EA13D8CF1A78265700E2611C /* PoppinsCellController.swift */; };
		EA13D8D21A78315A00E2611C /* ServiceUpdateObserver.swift in Sources */ = {isa = PBXBuildFile; fileRef = EA13D8D11A78315A00E2611C /* ServiceUpdateObserver.swift */; };
		EA13D8D31A78360700E2611C /* Optional.swift in Sources */ = {isa = PBXBuildFile; fileRef = EAACE1F11A1BA9BF00E3C43D /* Optional.swift */; };
		EA13D8D41A78360A00E2611C /* Result.swift in Sources */ = {isa = PBXBuildFile; fileRef = EA7A042D1A1E44D8002C73AF /* Result.swift */; };
		EA13D8D51A78360D00E2611C /* Curry.swift in Sources */ = {isa = PBXBuildFile; fileRef = F825388C1A3F8D4B004476DC /* Curry.swift */; };
		EA13D8D81A78361C00E2611C /* UIApplication.swift in Sources */ = {isa = PBXBuildFile; fileRef = EAB2111D1A24DEEA0069A5C6 /* UIApplication.swift */; };
		EA13D8D91A78361C00E2611C /* UIImage.swift in Sources */ = {isa = PBXBuildFile; fileRef = EAF49B8A1A30FF1000B395DF /* UIImage.swift */; };
		EA13D8DA1A78361C00E2611C /* Array.swift in Sources */ = {isa = PBXBuildFile; fileRef = EAF49CD01A3F37D200B395DF /* Array.swift */; };
		EA13D8DB1A78361C00E2611C /* UIWindow.swift in Sources */ = {isa = PBXBuildFile; fileRef = EA4A515C1A76E77500DCEAA8 /* UIWindow.swift */; };
		EA13D8DC1A78362A00E2611C /* LinkableService.swift in Sources */ = {isa = PBXBuildFile; fileRef = EA835D811A1BA0560033AE00 /* LinkableService.swift */; };
		EA13D8DD1A78362A00E2611C /* ViewModelObserver.swift in Sources */ = {isa = PBXBuildFile; fileRef = EA13D8CB1A780EA600E2611C /* ViewModelObserver.swift */; };
		EA13D8DE1A78362A00E2611C /* ServiceUpdateObserver.swift in Sources */ = {isa = PBXBuildFile; fileRef = EA13D8D11A78315A00E2611C /* ServiceUpdateObserver.swift */; };
		EA13D8DF1A78362A00E2611C /* DropboxService.swift in Sources */ = {isa = PBXBuildFile; fileRef = EA835D831A1BA09D0033AE00 /* DropboxService.swift */; };
		EA13D8E01A78362A00E2611C /* LinkManager.swift in Sources */ = {isa = PBXBuildFile; fileRef = EAACE1E91A1BA7FD00E3C43D /* LinkManager.swift */; };
		EA13D8E11A78362A00E2611C /* Service.swift in Sources */ = {isa = PBXBuildFile; fileRef = EA3EEDEF1A1CEC1D00DE2F3A /* Service.swift */; };
		EA13D8E21A78362A00E2611C /* Async.swift in Sources */ = {isa = PBXBuildFile; fileRef = EA34E7841A1CFD4F00875CFC /* Async.swift */; };
		EA13D8E31A78362A00E2611C /* UnconfiguredService.swift in Sources */ = {isa = PBXBuildFile; fileRef = EAB2111B1A24D7650069A5C6 /* UnconfiguredService.swift */; };
		EA13D8E41A78362A00E2611C /* GifItemSource.swift in Sources */ = {isa = PBXBuildFile; fileRef = EAF49CDE1A3F582100B395DF /* GifItemSource.swift */; };
		EA13D8E51A78362A00E2611C /* HockeyManager.swift in Sources */ = {isa = PBXBuildFile; fileRef = F80BE3E91A41E659009192A4 /* HockeyManager.swift */; };
		EA13D8E61A78362A00E2611C /* Cache.swift in Sources */ = {isa = PBXBuildFile; fileRef = F825388A1A3F8C5C004476DC /* Cache.swift */; };
		EA13D8E71A78362A00E2611C /* AsyncQueue.swift in Sources */ = {isa = PBXBuildFile; fileRef = EA395D661A448DF400EB607E /* AsyncQueue.swift */; };
		EA13D8E81A78362A00E2611C /* CascadeViewModel.swift in Sources */ = {isa = PBXBuildFile; fileRef = EA13D8C91A78014A00E2611C /* CascadeViewModel.swift */; };
		EA13D8E91A78362A00E2611C /* PoppinsCellViewModel.swift in Sources */ = {isa = PBXBuildFile; fileRef = EA13D8CD1A7824FF00E2611C /* PoppinsCellViewModel.swift */; };
		EA13D8EA1A78362A00E2611C /* AppDelegate.swift in Sources */ = {isa = PBXBuildFile; fileRef = 636D3C7953B819874CE387DA /* AppDelegate.swift */; };
		EA13D8EB1A78362A00E2611C /* ApplicationController.swift in Sources */ = {isa = PBXBuildFile; fileRef = EAB1931B1A2FA8920002C6D0 /* ApplicationController.swift */; };
		EA13D8EC1A78362A00E2611C /* ApplicationAppearance.swift in Sources */ = {isa = PBXBuildFile; fileRef = F825387D1A3F818A004476DC /* ApplicationAppearance.swift */; };
		EA13D8ED1A78362A00E2611C /* RootController.swift in Sources */ = {isa = PBXBuildFile; fileRef = EA4A51581A76E49D00DCEAA8 /* RootController.swift */; };
		EA13D8EE1A78362A00E2611C /* LinkAccountController.swift in Sources */ = {isa = PBXBuildFile; fileRef = EA13D8B61A77F53C00E2611C /* LinkAccountController.swift */; };
		EA13D8EF1A78362A00E2611C /* CascadeController.swift in Sources */ = {isa = PBXBuildFile; fileRef = EA13D8C71A7800F500E2611C /* CascadeController.swift */; };
		EA13D8F01A78362A00E2611C /* PoppinsCellController.swift in Sources */ = {isa = PBXBuildFile; fileRef = EA13D8CF1A78265700E2611C /* PoppinsCellController.swift */; };
		EA13D8F11A78362A00E2611C /* CascadeViewController.swift in Sources */ = {isa = PBXBuildFile; fileRef = EAB193151A2F8F8A0002C6D0 /* CascadeViewController.swift */; };
		EA13D8F21A78362A00E2611C /* LinkAccountViewController.swift in Sources */ = {isa = PBXBuildFile; fileRef = EAB193191A2FA0740002C6D0 /* LinkAccountViewController.swift */; };
		EA13D8F31A78362A00E2611C /* RootViewController.swift in Sources */ = {isa = PBXBuildFile; fileRef = EA4A51411A76E41300DCEAA8 /* RootViewController.swift */; };
		EA13D8F41A78362A00E2611C /* PoppinsCell.swift in Sources */ = {isa = PBXBuildFile; fileRef = EAB193171A2F9BD90002C6D0 /* PoppinsCell.swift */; };
		EA13D8F51A78362A00E2611C /* Button.swift in Sources */ = {isa = PBXBuildFile; fileRef = 5D8975C91A43807D00F72C27 /* Button.swift */; };
		EA13D9001A78373400E2611C /* Nimble.framework in Frameworks */ = {isa = PBXBuildFile; fileRef = EA13D8FE1A78373400E2611C /* Nimble.framework */; };
		EA13D9011A78373400E2611C /* Quick.framework in Frameworks */ = {isa = PBXBuildFile; fileRef = EA13D8FF1A78373400E2611C /* Quick.framework */; };
		EA13D9021A78374D00E2611C /* Nimble.framework in CopyFiles */ = {isa = PBXBuildFile; fileRef = EA13D8FE1A78373400E2611C /* Nimble.framework */; settings = {ATTRIBUTES = (CodeSignOnCopy, RemoveHeadersOnCopy, ); }; };
		EA13D9031A78374D00E2611C /* Quick.framework in CopyFiles */ = {isa = PBXBuildFile; fileRef = EA13D8FF1A78373400E2611C /* Quick.framework */; settings = {ATTRIBUTES = (CodeSignOnCopy, RemoveHeadersOnCopy, ); }; };
		EA2B79141A7C21310016F749 /* ManagedObjectContextObserver.swift in Sources */ = {isa = PBXBuildFile; fileRef = EA2B79131A7C21310016F749 /* ManagedObjectContextObserver.swift */; };
		EA2B791A1A7C25F60016F749 /* ManagedObjectContextObserver.swift in Sources */ = {isa = PBXBuildFile; fileRef = EA2B79131A7C21310016F749 /* ManagedObjectContextObserver.swift */; };
		EA34E7851A1CFD4F00875CFC /* Async.swift in Sources */ = {isa = PBXBuildFile; fileRef = EA34E7841A1CFD4F00875CFC /* Async.swift */; };
		EA395D671A448DF400EB607E /* AsyncQueue.swift in Sources */ = {isa = PBXBuildFile; fileRef = EA395D661A448DF400EB607E /* AsyncQueue.swift */; };
		EA3EEDF01A1CEC1D00DE2F3A /* Service.swift in Sources */ = {isa = PBXBuildFile; fileRef = EA3EEDEF1A1CEC1D00DE2F3A /* Service.swift */; };
		EA474D0B1ABB941800127CEF /* CachedImageExtensions.swift in Sources */ = {isa = PBXBuildFile; fileRef = EA474D0A1ABB941800127CEF /* CachedImageExtensions.swift */; };
		EA4A51421A76E41300DCEAA8 /* RootViewController.swift in Sources */ = {isa = PBXBuildFile; fileRef = EA4A51411A76E41300DCEAA8 /* RootViewController.swift */; };
		EA4A51591A76E49D00DCEAA8 /* RootController.swift in Sources */ = {isa = PBXBuildFile; fileRef = EA4A51581A76E49D00DCEAA8 /* RootController.swift */; };
		EA4A515B1A76E5B500DCEAA8 /* Authentication.storyboard in Resources */ = {isa = PBXBuildFile; fileRef = EA4A515A1A76E5B500DCEAA8 /* Authentication.storyboard */; };
		EA4A515D1A76E77500DCEAA8 /* UIWindow.swift in Sources */ = {isa = PBXBuildFile; fileRef = EA4A515C1A76E77500DCEAA8 /* UIWindow.swift */; };
		EA4A51651A76EC6500DCEAA8 /* Runes.framework in Frameworks */ = {isa = PBXBuildFile; fileRef = EA4A51641A76EC6500DCEAA8 /* Runes.framework */; };
		EA5A86E11ABB850F00AD052A /* Signal.swift in Sources */ = {isa = PBXBuildFile; fileRef = EA5A86E01ABB850F00AD052A /* Signal.swift */; };
		EA5A86E21ABB850F00AD052A /* Signal.swift in Sources */ = {isa = PBXBuildFile; fileRef = EA5A86E01ABB850F00AD052A /* Signal.swift */; };
		EA7A042E1A1E44D8002C73AF /* Result.swift in Sources */ = {isa = PBXBuildFile; fileRef = EA7A042D1A1E44D8002C73AF /* Result.swift */; };
		EA7A04351A23BB69002C73AF /* SyncManagerSpec.swift in Sources */ = {isa = PBXBuildFile; fileRef = EA7A04341A23BB69002C73AF /* SyncManagerSpec.swift */; };
		EA835D761A1AA6FB0033AE00 /* CFNetwork.framework in Frameworks */ = {isa = PBXBuildFile; fileRef = EA835D751A1AA6FB0033AE00 /* CFNetwork.framework */; };
		EA835D7E1A1AA7250033AE00 /* libc++.dylib in Frameworks */ = {isa = PBXBuildFile; fileRef = EA835D7D1A1AA7250033AE00 /* libc++.dylib */; };
		EA835D801A1AA7310033AE00 /* libz.dylib in Frameworks */ = {isa = PBXBuildFile; fileRef = EA835D7F1A1AA7310033AE00 /* libz.dylib */; };
		EA835D821A1BA0560033AE00 /* LinkableService.swift in Sources */ = {isa = PBXBuildFile; fileRef = EA835D811A1BA0560033AE00 /* LinkableService.swift */; };
		EA835D841A1BA09D0033AE00 /* DropboxService.swift in Sources */ = {isa = PBXBuildFile; fileRef = EA835D831A1BA09D0033AE00 /* DropboxService.swift */; };
		EAA3205A1A793AB10039E234 /* CascadeViewModelSpec.swift in Sources */ = {isa = PBXBuildFile; fileRef = EAA320591A793AB10039E234 /* CascadeViewModelSpec.swift */; };
		EAA614C21A7AEAA1008DA897 /* SyncClient.swift in Sources */ = {isa = PBXBuildFile; fileRef = EA137CF61A7AD37F00A92B85 /* SyncClient.swift */; };
		EAA614C31A7AEAA1008DA897 /* CachedImage.swift in Sources */ = {isa = PBXBuildFile; fileRef = EA137CF01A7AC34800A92B85 /* CachedImage.swift */; };
		EAA614C51A7AEAA1008DA897 /* Store.swift in Sources */ = {isa = PBXBuildFile; fileRef = EA137CF21A7AC3FC00A92B85 /* Store.swift */; };
		EAA614C61A7AEAA1008DA897 /* SyncEngine.swift in Sources */ = {isa = PBXBuildFile; fileRef = EA137CF41A7AD29300A92B85 /* SyncEngine.swift */; };
		EAA614C71A7AEAA1008DA897 /* FileInfo.swift in Sources */ = {isa = PBXBuildFile; fileRef = EA137CF81A7AD40C00A92B85 /* FileInfo.swift */; };
		EAA614CD1A7AEB92008DA897 /* DropboxClient.swift in Sources */ = {isa = PBXBuildFile; fileRef = EA137CE21A7A8FAC00A92B85 /* DropboxClient.swift */; };
		EAA614CF1A7AEC13008DA897 /* UnconfiguredClient.swift in Sources */ = {isa = PBXBuildFile; fileRef = EAA614CE1A7AEC13008DA897 /* UnconfiguredClient.swift */; };
		EAA614D01A7AEC13008DA897 /* UnconfiguredClient.swift in Sources */ = {isa = PBXBuildFile; fileRef = EAA614CE1A7AEC13008DA897 /* UnconfiguredClient.swift */; };
		EAACE1EA1A1BA7FD00E3C43D /* LinkManager.swift in Sources */ = {isa = PBXBuildFile; fileRef = EAACE1E91A1BA7FD00E3C43D /* LinkManager.swift */; };
		EAACE1F21A1BA9BF00E3C43D /* Optional.swift in Sources */ = {isa = PBXBuildFile; fileRef = EAACE1F11A1BA9BF00E3C43D /* Optional.swift */; };
		EAB193161A2F8F8A0002C6D0 /* CascadeViewController.swift in Sources */ = {isa = PBXBuildFile; fileRef = EAB193151A2F8F8A0002C6D0 /* CascadeViewController.swift */; };
		EAB193181A2F9BD90002C6D0 /* PoppinsCell.swift in Sources */ = {isa = PBXBuildFile; fileRef = EAB193171A2F9BD90002C6D0 /* PoppinsCell.swift */; };
		EAB1931A1A2FA0740002C6D0 /* LinkAccountViewController.swift in Sources */ = {isa = PBXBuildFile; fileRef = EAB193191A2FA0740002C6D0 /* LinkAccountViewController.swift */; };
		EAB1931C1A2FA8920002C6D0 /* ApplicationController.swift in Sources */ = {isa = PBXBuildFile; fileRef = EAB1931B1A2FA8920002C6D0 /* ApplicationController.swift */; };
		EAB2111C1A24D7650069A5C6 /* UnconfiguredService.swift in Sources */ = {isa = PBXBuildFile; fileRef = EAB2111B1A24D7650069A5C6 /* UnconfiguredService.swift */; };
		EAB2111E1A24DEEA0069A5C6 /* UIApplication.swift in Sources */ = {isa = PBXBuildFile; fileRef = EAB2111D1A24DEEA0069A5C6 /* UIApplication.swift */; };
		EAB211211A24E2EB0069A5C6 /* FakeDropboxService.swift in Sources */ = {isa = PBXBuildFile; fileRef = EAB211201A24E2EB0069A5C6 /* FakeDropboxService.swift */; };
		EAB211231A2508C50069A5C6 /* NotificationListener.swift in Sources */ = {isa = PBXBuildFile; fileRef = EAB211221A2508C50069A5C6 /* NotificationListener.swift */; };
		EAD733A81A891C91004A7F6E /* ImageStore.swift in Sources */ = {isa = PBXBuildFile; fileRef = EAD733A71A891C91004A7F6E /* ImageStore.swift */; };
		EAD733A91A891C91004A7F6E /* ImageStore.swift in Sources */ = {isa = PBXBuildFile; fileRef = EAD733A71A891C91004A7F6E /* ImageStore.swift */; };
		EAF49B8B1A30FF1000B395DF /* UIImage.swift in Sources */ = {isa = PBXBuildFile; fileRef = EAF49B8A1A30FF1000B395DF /* UIImage.swift */; };
		EAF49CD11A3F37D200B395DF /* Array.swift in Sources */ = {isa = PBXBuildFile; fileRef = EAF49CD01A3F37D200B395DF /* Array.swift */; };
		EAF49CDF1A3F582100B395DF /* GifItemSource.swift in Sources */ = {isa = PBXBuildFile; fileRef = EAF49CDE1A3F582100B395DF /* GifItemSource.swift */; };
		EAF49CF01A3F872300B395DF /* ArrayExtensionSpec.swift in Sources */ = {isa = PBXBuildFile; fileRef = EAF49CEF1A3F872300B395DF /* ArrayExtensionSpec.swift */; };
		F80BE3DF1A41E5B9009192A4 /* AssetsLibrary.framework in Frameworks */ = {isa = PBXBuildFile; fileRef = F80BE3D51A41E5B9009192A4 /* AssetsLibrary.framework */; };
		F80BE3E01A41E5B9009192A4 /* CoreGraphics.framework in Frameworks */ = {isa = PBXBuildFile; fileRef = F80BE3D61A41E5B9009192A4 /* CoreGraphics.framework */; };
		F80BE3E11A41E5B9009192A4 /* CoreText.framework in Frameworks */ = {isa = PBXBuildFile; fileRef = F80BE3D71A41E5B9009192A4 /* CoreText.framework */; };
		F80BE3E21A41E5B9009192A4 /* Foundation.framework in Frameworks */ = {isa = PBXBuildFile; fileRef = F80BE3D81A41E5B9009192A4 /* Foundation.framework */; };
		F80BE3E31A41E5B9009192A4 /* MobileCoreServices.framework in Frameworks */ = {isa = PBXBuildFile; fileRef = F80BE3D91A41E5B9009192A4 /* MobileCoreServices.framework */; };
		F80BE3E41A41E5B9009192A4 /* QuartzCore.framework in Frameworks */ = {isa = PBXBuildFile; fileRef = F80BE3DA1A41E5B9009192A4 /* QuartzCore.framework */; };
		F80BE3E51A41E5B9009192A4 /* QuickLook.framework in Frameworks */ = {isa = PBXBuildFile; fileRef = F80BE3DB1A41E5B9009192A4 /* QuickLook.framework */; };
		F80BE3E61A41E5B9009192A4 /* Security.framework in Frameworks */ = {isa = PBXBuildFile; fileRef = F80BE3DC1A41E5B9009192A4 /* Security.framework */; };
		F80BE3E71A41E5B9009192A4 /* SystemConfiguration.framework in Frameworks */ = {isa = PBXBuildFile; fileRef = F80BE3DD1A41E5B9009192A4 /* SystemConfiguration.framework */; };
		F80BE3E81A41E5B9009192A4 /* UIKit.framework in Frameworks */ = {isa = PBXBuildFile; fileRef = F80BE3DE1A41E5B9009192A4 /* UIKit.framework */; };
		F80BE3EA1A41E659009192A4 /* HockeyManager.swift in Sources */ = {isa = PBXBuildFile; fileRef = F80BE3E91A41E659009192A4 /* HockeyManager.swift */; };
		F80E7A421AB26DED0099227F /* Cascade.framework in Frameworks */ = {isa = PBXBuildFile; fileRef = F80E7A3E1AB26DED0099227F /* Cascade.framework */; };
		F80E7A431AB26DED0099227F /* Gifu.framework in Frameworks */ = {isa = PBXBuildFile; fileRef = F80E7A3F1AB26DED0099227F /* Gifu.framework */; };
		F80E7A441AB26DED0099227F /* LlamaKit.framework in Frameworks */ = {isa = PBXBuildFile; fileRef = F80E7A401AB26DED0099227F /* LlamaKit.framework */; };
		F80E7A451AB26DED0099227F /* Runes.framework in Frameworks */ = {isa = PBXBuildFile; fileRef = F80E7A411AB26DED0099227F /* Runes.framework */; };
		F80E7A481AB26E000099227F /* Nimble.framework in Frameworks */ = {isa = PBXBuildFile; fileRef = F80E7A461AB26E000099227F /* Nimble.framework */; };
		F80E7A491AB26E000099227F /* Quick.framework in Frameworks */ = {isa = PBXBuildFile; fileRef = F80E7A471AB26E000099227F /* Quick.framework */; };
		F80E7A591AB26F480099227F /* libHockeySDK.a in Frameworks */ = {isa = PBXBuildFile; fileRef = F80E7A531AB26F050099227F /* libHockeySDK.a */; };
		F80E7A5A1AB26F570099227F /* HockeySDKResources.bundle in Resources */ = {isa = PBXBuildFile; fileRef = F80E7A551AB26F050099227F /* HockeySDKResources.bundle */; };
		F8104BEC1A545E4400A829A7 /* CrashReporter.framework in Frameworks */ = {isa = PBXBuildFile; fileRef = F8104BEB1A545E4400A829A7 /* CrashReporter.framework */; };
		F825387E1A3F818A004476DC /* ApplicationAppearance.swift in Sources */ = {isa = PBXBuildFile; fileRef = F825387D1A3F818A004476DC /* ApplicationAppearance.swift */; };
		F825388B1A3F8C5C004476DC /* Cache.swift in Sources */ = {isa = PBXBuildFile; fileRef = F825388A1A3F8C5C004476DC /* Cache.swift */; };
		F825388D1A3F8D4B004476DC /* Curry.swift in Sources */ = {isa = PBXBuildFile; fileRef = F825388C1A3F8D4B004476DC /* Curry.swift */; };
/* End PBXBuildFile section */

/* Begin PBXContainerItemProxy section */
		13F35E0C39519C8CB61B424C /* PBXContainerItemProxy */ = {
			isa = PBXContainerItemProxy;
			containerPortal = BBAD5EE8160C5BC2C5877301 /* Project object */;
			proxyType = 1;
			remoteGlobalIDString = 4E511CA83D18390E4117F469;
			remoteInfo = Poppins;
		};
		F80E7A521AB26F050099227F /* PBXContainerItemProxy */ = {
			isa = PBXContainerItemProxy;
			containerPortal = F80E7A4A1AB26F050099227F /* HockeySDK.xcodeproj */;
			proxyType = 2;
			remoteGlobalIDString = 1E5954F215B6F24A00A03429;
			remoteInfo = HockeySDK;
		};
		F80E7A541AB26F050099227F /* PBXContainerItemProxy */ = {
			isa = PBXContainerItemProxy;
			containerPortal = F80E7A4A1AB26F050099227F /* HockeySDK.xcodeproj */;
			proxyType = 2;
			remoteGlobalIDString = 1E59550A15B6F45800A03429;
			remoteInfo = HockeySDKResources;
		};
		F80E7A561AB26F050099227F /* PBXContainerItemProxy */ = {
			isa = PBXContainerItemProxy;
			containerPortal = F80E7A4A1AB26F050099227F /* HockeySDK.xcodeproj */;
			proxyType = 2;
			remoteGlobalIDString = 1E5A459016F0DFC200B55C04;
			remoteInfo = HockeySDKTests;
		};
/* End PBXContainerItemProxy section */

/* Begin PBXCopyFilesBuildPhase section */
		EAB1930E1A2F8DC40002C6D0 /* Embed Frameworks */ = {
			isa = PBXCopyFilesBuildPhase;
			buildActionMask = 2147483647;
			dstPath = "";
			dstSubfolderSpec = 10;
			files = (
			);
			name = "Embed Frameworks";
			runOnlyForDeploymentPostprocessing = 0;
		};
		EAB211181A23D6520069A5C6 /* CopyFiles */ = {
			isa = PBXCopyFilesBuildPhase;
			buildActionMask = 2147483647;
			dstPath = "";
			dstSubfolderSpec = 10;
			files = (
				EA13D9021A78374D00E2611C /* Nimble.framework in CopyFiles */,
				EA13D9031A78374D00E2611C /* Quick.framework in CopyFiles */,
			);
			runOnlyForDeploymentPostprocessing = 0;
		};
/* End PBXCopyFilesBuildPhase section */

/* Begin PBXFileReference section */
		0A2729CDC3064EC8E18E74E8 /* Images.xcassets */ = {isa = PBXFileReference; includeInIndex = 1; lastKnownFileType = folder.assetcatalog; path = Images.xcassets; sourceTree = "<group>"; };
		2687C52B5525793534A0348B /* UnitTests-Info.plist */ = {isa = PBXFileReference; includeInIndex = 1; lastKnownFileType = text.plist.xml; path = "UnitTests-Info.plist"; sourceTree = "<group>"; };
		3C2E4731BAC412231FABC50C /* Main.storyboard */ = {isa = PBXFileReference; includeInIndex = 1; lastKnownFileType = file.storyboard; path = Main.storyboard; sourceTree = "<group>"; };
		5D8975C91A43807D00F72C27 /* Button.swift */ = {isa = PBXFileReference; fileEncoding = 4; lastKnownFileType = sourcecode.swift; path = Button.swift; sourceTree = "<group>"; };
		636D3C7953B819874CE387DA /* AppDelegate.swift */ = {isa = PBXFileReference; includeInIndex = 1; lastKnownFileType = sourcecode.swift; path = AppDelegate.swift; sourceTree = "<group>"; };
		6C8F5A473AB2C1C4E96CABB0 /* Info.plist */ = {isa = PBXFileReference; includeInIndex = 1; lastKnownFileType = text.plist.xml; path = Info.plist; sourceTree = "<group>"; };
		75B6C9E72DDC09CBDC887474 /* LaunchScreen.xib */ = {isa = PBXFileReference; includeInIndex = 1; lastKnownFileType = file.xib; path = LaunchScreen.xib; sourceTree = "<group>"; };
		A7291FA7576673F55122E623 /* UnitTests.xctest */ = {isa = PBXFileReference; explicitFileType = wrapper.cfbundle; includeInIndex = 0; path = UnitTests.xctest; sourceTree = BUILT_PRODUCTS_DIR; };
		ABB0894473AAFE7E68C6396D /* Poppins.app */ = {isa = PBXFileReference; explicitFileType = wrapper.application; includeInIndex = 0; path = Poppins.app; sourceTree = BUILT_PRODUCTS_DIR; };
		EA137CC91A7962F000A92B85 /* ImageFetcher.swift */ = {isa = PBXFileReference; fileEncoding = 4; lastKnownFileType = sourcecode.swift; path = ImageFetcher.swift; sourceTree = "<group>"; };
		EA137CD11A79773200A92B85 /* ImageFetchOperation.swift */ = {isa = PBXFileReference; fileEncoding = 4; lastKnownFileType = sourcecode.swift; path = ImageFetchOperation.swift; sourceTree = "<group>"; };
		EA137CE01A79943500A92B85 /* DropboxSDK.framework */ = {isa = PBXFileReference; lastKnownFileType = wrapper.framework; name = DropboxSDK.framework; path = ../Frameworks/DropboxSDK.framework; sourceTree = "<group>"; };
		EA137CE21A7A8FAC00A92B85 /* DropboxClient.swift */ = {isa = PBXFileReference; fileEncoding = 4; lastKnownFileType = sourcecode.swift; path = DropboxClient.swift; sourceTree = "<group>"; };
		EA137CE81A7ABF5800A92B85 /* PoppinsModel.xcdatamodel */ = {isa = PBXFileReference; lastKnownFileType = wrapper.xcdatamodel; path = PoppinsModel.xcdatamodel; sourceTree = "<group>"; };
		EA137CF01A7AC34800A92B85 /* CachedImage.swift */ = {isa = PBXFileReference; fileEncoding = 4; lastKnownFileType = sourcecode.swift; path = CachedImage.swift; sourceTree = "<group>"; };
		EA137CF21A7AC3FC00A92B85 /* Store.swift */ = {isa = PBXFileReference; fileEncoding = 4; lastKnownFileType = sourcecode.swift; path = Store.swift; sourceTree = "<group>"; };
		EA137CF41A7AD29300A92B85 /* SyncEngine.swift */ = {isa = PBXFileReference; fileEncoding = 4; lastKnownFileType = sourcecode.swift; path = SyncEngine.swift; sourceTree = "<group>"; };
		EA137CF61A7AD37F00A92B85 /* SyncClient.swift */ = {isa = PBXFileReference; fileEncoding = 4; lastKnownFileType = sourcecode.swift; path = SyncClient.swift; sourceTree = "<group>"; };
		EA137CF81A7AD40C00A92B85 /* FileInfo.swift */ = {isa = PBXFileReference; fileEncoding = 4; lastKnownFileType = sourcecode.swift; path = FileInfo.swift; sourceTree = "<group>"; };
		EA13D8B61A77F53C00E2611C /* LinkAccountController.swift */ = {isa = PBXFileReference; fileEncoding = 4; lastKnownFileType = sourcecode.swift; path = LinkAccountController.swift; sourceTree = "<group>"; };
		EA13D8C71A7800F500E2611C /* CascadeController.swift */ = {isa = PBXFileReference; fileEncoding = 4; lastKnownFileType = sourcecode.swift; path = CascadeController.swift; sourceTree = "<group>"; };
		EA13D8C91A78014A00E2611C /* CascadeViewModel.swift */ = {isa = PBXFileReference; fileEncoding = 4; lastKnownFileType = sourcecode.swift; path = CascadeViewModel.swift; sourceTree = "<group>"; };
		EA13D8CB1A780EA600E2611C /* ViewModelObserver.swift */ = {isa = PBXFileReference; fileEncoding = 4; lastKnownFileType = sourcecode.swift; path = ViewModelObserver.swift; sourceTree = "<group>"; };
		EA13D8CD1A7824FF00E2611C /* PoppinsCellViewModel.swift */ = {isa = PBXFileReference; fileEncoding = 4; lastKnownFileType = sourcecode.swift; path = PoppinsCellViewModel.swift; sourceTree = "<group>"; };
		EA13D8CF1A78265700E2611C /* PoppinsCellController.swift */ = {isa = PBXFileReference; fileEncoding = 4; lastKnownFileType = sourcecode.swift; path = PoppinsCellController.swift; sourceTree = "<group>"; };
		EA13D8D11A78315A00E2611C /* ServiceUpdateObserver.swift */ = {isa = PBXFileReference; fileEncoding = 4; lastKnownFileType = sourcecode.swift; path = ServiceUpdateObserver.swift; sourceTree = "<group>"; };
		EA13D8FE1A78373400E2611C /* Nimble.framework */ = {isa = PBXFileReference; lastKnownFileType = wrapper.framework; name = Nimble.framework; path = Carthage/Build/iOS/Nimble.framework; sourceTree = "<group>"; };
		EA13D8FF1A78373400E2611C /* Quick.framework */ = {isa = PBXFileReference; lastKnownFileType = wrapper.framework; name = Quick.framework; path = Carthage/Build/iOS/Quick.framework; sourceTree = "<group>"; };
		EA2B79131A7C21310016F749 /* ManagedObjectContextObserver.swift */ = {isa = PBXFileReference; fileEncoding = 4; lastKnownFileType = sourcecode.swift; path = ManagedObjectContextObserver.swift; sourceTree = "<group>"; };
		EA34E7841A1CFD4F00875CFC /* Async.swift */ = {isa = PBXFileReference; fileEncoding = 4; lastKnownFileType = sourcecode.swift; path = Async.swift; sourceTree = "<group>"; };
		EA395D661A448DF400EB607E /* AsyncQueue.swift */ = {isa = PBXFileReference; fileEncoding = 4; lastKnownFileType = sourcecode.swift; path = AsyncQueue.swift; sourceTree = "<group>"; };
		EA3EEDEF1A1CEC1D00DE2F3A /* Service.swift */ = {isa = PBXFileReference; fileEncoding = 4; lastKnownFileType = sourcecode.swift; path = Service.swift; sourceTree = "<group>"; };
		EA474D0A1ABB941800127CEF /* CachedImageExtensions.swift */ = {isa = PBXFileReference; fileEncoding = 4; lastKnownFileType = sourcecode.swift; path = CachedImageExtensions.swift; sourceTree = "<group>"; };
		EA4A51411A76E41300DCEAA8 /* RootViewController.swift */ = {isa = PBXFileReference; fileEncoding = 4; lastKnownFileType = sourcecode.swift; path = RootViewController.swift; sourceTree = "<group>"; };
		EA4A51581A76E49D00DCEAA8 /* RootController.swift */ = {isa = PBXFileReference; fileEncoding = 4; lastKnownFileType = sourcecode.swift; path = RootController.swift; sourceTree = "<group>"; };
		EA4A515A1A76E5B500DCEAA8 /* Authentication.storyboard */ = {isa = PBXFileReference; fileEncoding = 4; lastKnownFileType = file.storyboard; path = Authentication.storyboard; sourceTree = "<group>"; };
		EA4A515C1A76E77500DCEAA8 /* UIWindow.swift */ = {isa = PBXFileReference; fileEncoding = 4; lastKnownFileType = sourcecode.swift; path = UIWindow.swift; sourceTree = "<group>"; };
		EA4A51641A76EC6500DCEAA8 /* Runes.framework */ = {isa = PBXFileReference; lastKnownFileType = wrapper.framework; name = Runes.framework; path = ../Carthage/Build/iOS/Runes.framework; sourceTree = "<group>"; };
		EA5A86E01ABB850F00AD052A /* Signal.swift */ = {isa = PBXFileReference; fileEncoding = 4; lastKnownFileType = sourcecode.swift; path = Signal.swift; sourceTree = "<group>"; };
		EA7A042D1A1E44D8002C73AF /* Result.swift */ = {isa = PBXFileReference; fileEncoding = 4; lastKnownFileType = sourcecode.swift; path = Result.swift; sourceTree = "<group>"; };
		EA7A04341A23BB69002C73AF /* SyncManagerSpec.swift */ = {isa = PBXFileReference; fileEncoding = 4; lastKnownFileType = sourcecode.swift; path = SyncManagerSpec.swift; sourceTree = "<group>"; };
		EA835D751A1AA6FB0033AE00 /* CFNetwork.framework */ = {isa = PBXFileReference; lastKnownFileType = wrapper.framework; name = CFNetwork.framework; path = System/Library/Frameworks/CFNetwork.framework; sourceTree = SDKROOT; };
		EA835D7D1A1AA7250033AE00 /* libc++.dylib */ = {isa = PBXFileReference; lastKnownFileType = "compiled.mach-o.dylib"; name = "libc++.dylib"; path = "usr/lib/libc++.dylib"; sourceTree = SDKROOT; };
		EA835D7F1A1AA7310033AE00 /* libz.dylib */ = {isa = PBXFileReference; lastKnownFileType = "compiled.mach-o.dylib"; name = libz.dylib; path = usr/lib/libz.dylib; sourceTree = SDKROOT; };
		EA835D811A1BA0560033AE00 /* LinkableService.swift */ = {isa = PBXFileReference; fileEncoding = 4; lastKnownFileType = sourcecode.swift; path = LinkableService.swift; sourceTree = "<group>"; };
		EA835D831A1BA09D0033AE00 /* DropboxService.swift */ = {isa = PBXFileReference; fileEncoding = 4; lastKnownFileType = sourcecode.swift; path = DropboxService.swift; sourceTree = "<group>"; };
		EA835D851A1BA1470033AE00 /* Poppins-Bridging-Header.h */ = {isa = PBXFileReference; lastKnownFileType = sourcecode.c.h; path = "Poppins-Bridging-Header.h"; sourceTree = "<group>"; };
		EAA320591A793AB10039E234 /* CascadeViewModelSpec.swift */ = {isa = PBXFileReference; fileEncoding = 4; lastKnownFileType = sourcecode.swift; path = CascadeViewModelSpec.swift; sourceTree = "<group>"; };
		EAA614CE1A7AEC13008DA897 /* UnconfiguredClient.swift */ = {isa = PBXFileReference; fileEncoding = 4; lastKnownFileType = sourcecode.swift; path = UnconfiguredClient.swift; sourceTree = "<group>"; };
		EAACE1E91A1BA7FD00E3C43D /* LinkManager.swift */ = {isa = PBXFileReference; fileEncoding = 4; lastKnownFileType = sourcecode.swift; path = LinkManager.swift; sourceTree = "<group>"; };
		EAACE1F11A1BA9BF00E3C43D /* Optional.swift */ = {isa = PBXFileReference; fileEncoding = 4; lastKnownFileType = sourcecode.swift; path = Optional.swift; sourceTree = "<group>"; };
		EAB193151A2F8F8A0002C6D0 /* CascadeViewController.swift */ = {isa = PBXFileReference; fileEncoding = 4; lastKnownFileType = sourcecode.swift; path = CascadeViewController.swift; sourceTree = "<group>"; };
		EAB193171A2F9BD90002C6D0 /* PoppinsCell.swift */ = {isa = PBXFileReference; fileEncoding = 4; lastKnownFileType = sourcecode.swift; path = PoppinsCell.swift; sourceTree = "<group>"; };
		EAB193191A2FA0740002C6D0 /* LinkAccountViewController.swift */ = {isa = PBXFileReference; fileEncoding = 4; lastKnownFileType = sourcecode.swift; path = LinkAccountViewController.swift; sourceTree = "<group>"; };
		EAB1931B1A2FA8920002C6D0 /* ApplicationController.swift */ = {isa = PBXFileReference; fileEncoding = 4; lastKnownFileType = sourcecode.swift; path = ApplicationController.swift; sourceTree = "<group>"; };
		EAB2111B1A24D7650069A5C6 /* UnconfiguredService.swift */ = {isa = PBXFileReference; fileEncoding = 4; lastKnownFileType = sourcecode.swift; path = UnconfiguredService.swift; sourceTree = "<group>"; };
		EAB2111D1A24DEEA0069A5C6 /* UIApplication.swift */ = {isa = PBXFileReference; fileEncoding = 4; lastKnownFileType = sourcecode.swift; path = UIApplication.swift; sourceTree = "<group>"; };
		EAB211201A24E2EB0069A5C6 /* FakeDropboxService.swift */ = {isa = PBXFileReference; fileEncoding = 4; lastKnownFileType = sourcecode.swift; path = FakeDropboxService.swift; sourceTree = "<group>"; };
		EAB211221A2508C50069A5C6 /* NotificationListener.swift */ = {isa = PBXFileReference; fileEncoding = 4; lastKnownFileType = sourcecode.swift; path = NotificationListener.swift; sourceTree = "<group>"; };
		EAD733A71A891C91004A7F6E /* ImageStore.swift */ = {isa = PBXFileReference; fileEncoding = 4; lastKnownFileType = sourcecode.swift; path = ImageStore.swift; sourceTree = "<group>"; };
		EAF49B8A1A30FF1000B395DF /* UIImage.swift */ = {isa = PBXFileReference; fileEncoding = 4; lastKnownFileType = sourcecode.swift; path = UIImage.swift; sourceTree = "<group>"; };
		EAF49CD01A3F37D200B395DF /* Array.swift */ = {isa = PBXFileReference; fileEncoding = 4; lastKnownFileType = sourcecode.swift; path = Array.swift; sourceTree = "<group>"; };
		EAF49CDE1A3F582100B395DF /* GifItemSource.swift */ = {isa = PBXFileReference; fileEncoding = 4; lastKnownFileType = sourcecode.swift; path = GifItemSource.swift; sourceTree = "<group>"; };
		EAF49CEF1A3F872300B395DF /* ArrayExtensionSpec.swift */ = {isa = PBXFileReference; fileEncoding = 4; lastKnownFileType = sourcecode.swift; path = ArrayExtensionSpec.swift; sourceTree = "<group>"; };
		F80BE3D51A41E5B9009192A4 /* AssetsLibrary.framework */ = {isa = PBXFileReference; lastKnownFileType = wrapper.framework; name = AssetsLibrary.framework; path = System/Library/Frameworks/AssetsLibrary.framework; sourceTree = SDKROOT; };
		F80BE3D61A41E5B9009192A4 /* CoreGraphics.framework */ = {isa = PBXFileReference; lastKnownFileType = wrapper.framework; name = CoreGraphics.framework; path = System/Library/Frameworks/CoreGraphics.framework; sourceTree = SDKROOT; };
		F80BE3D71A41E5B9009192A4 /* CoreText.framework */ = {isa = PBXFileReference; lastKnownFileType = wrapper.framework; name = CoreText.framework; path = System/Library/Frameworks/CoreText.framework; sourceTree = SDKROOT; };
		F80BE3D81A41E5B9009192A4 /* Foundation.framework */ = {isa = PBXFileReference; lastKnownFileType = wrapper.framework; name = Foundation.framework; path = System/Library/Frameworks/Foundation.framework; sourceTree = SDKROOT; };
		F80BE3D91A41E5B9009192A4 /* MobileCoreServices.framework */ = {isa = PBXFileReference; lastKnownFileType = wrapper.framework; name = MobileCoreServices.framework; path = System/Library/Frameworks/MobileCoreServices.framework; sourceTree = SDKROOT; };
		F80BE3DA1A41E5B9009192A4 /* QuartzCore.framework */ = {isa = PBXFileReference; lastKnownFileType = wrapper.framework; name = QuartzCore.framework; path = System/Library/Frameworks/QuartzCore.framework; sourceTree = SDKROOT; };
		F80BE3DB1A41E5B9009192A4 /* QuickLook.framework */ = {isa = PBXFileReference; lastKnownFileType = wrapper.framework; name = QuickLook.framework; path = System/Library/Frameworks/QuickLook.framework; sourceTree = SDKROOT; };
		F80BE3DC1A41E5B9009192A4 /* Security.framework */ = {isa = PBXFileReference; lastKnownFileType = wrapper.framework; name = Security.framework; path = System/Library/Frameworks/Security.framework; sourceTree = SDKROOT; };
		F80BE3DD1A41E5B9009192A4 /* SystemConfiguration.framework */ = {isa = PBXFileReference; lastKnownFileType = wrapper.framework; name = SystemConfiguration.framework; path = System/Library/Frameworks/SystemConfiguration.framework; sourceTree = SDKROOT; };
		F80BE3DE1A41E5B9009192A4 /* UIKit.framework */ = {isa = PBXFileReference; lastKnownFileType = wrapper.framework; name = UIKit.framework; path = System/Library/Frameworks/UIKit.framework; sourceTree = SDKROOT; };
		F80BE3E91A41E659009192A4 /* HockeyManager.swift */ = {isa = PBXFileReference; fileEncoding = 4; lastKnownFileType = sourcecode.swift; path = HockeyManager.swift; sourceTree = "<group>"; };
		F80E7A3E1AB26DED0099227F /* Cascade.framework */ = {isa = PBXFileReference; lastKnownFileType = wrapper.framework; name = Cascade.framework; path = Carthage/Build/iOS/Cascade.framework; sourceTree = SOURCE_ROOT; };
		F80E7A3F1AB26DED0099227F /* Gifu.framework */ = {isa = PBXFileReference; lastKnownFileType = wrapper.framework; name = Gifu.framework; path = Carthage/Build/iOS/Gifu.framework; sourceTree = SOURCE_ROOT; };
		F80E7A401AB26DED0099227F /* LlamaKit.framework */ = {isa = PBXFileReference; lastKnownFileType = wrapper.framework; name = LlamaKit.framework; path = Carthage/Build/iOS/LlamaKit.framework; sourceTree = SOURCE_ROOT; };
		F80E7A411AB26DED0099227F /* Runes.framework */ = {isa = PBXFileReference; lastKnownFileType = wrapper.framework; name = Runes.framework; path = Carthage/Build/iOS/Runes.framework; sourceTree = SOURCE_ROOT; };
		F80E7A461AB26E000099227F /* Nimble.framework */ = {isa = PBXFileReference; lastKnownFileType = wrapper.framework; name = Nimble.framework; path = Carthage/Build/iOS/Nimble.framework; sourceTree = "<group>"; };
		F80E7A471AB26E000099227F /* Quick.framework */ = {isa = PBXFileReference; lastKnownFileType = wrapper.framework; name = Quick.framework; path = Carthage/Build/iOS/Quick.framework; sourceTree = "<group>"; };
		F80E7A4A1AB26F050099227F /* HockeySDK.xcodeproj */ = {isa = PBXFileReference; lastKnownFileType = "wrapper.pb-project"; name = HockeySDK.xcodeproj; path = "Carthage/Checkouts/HockeySDK-iOS/Support/HockeySDK.xcodeproj"; sourceTree = SOURCE_ROOT; };
		F8104BEB1A545E4400A829A7 /* CrashReporter.framework */ = {isa = PBXFileReference; lastKnownFileType = wrapper.framework; name = CrashReporter.framework; path = "../Carthage/Checkouts/HockeySDK-iOS/Vendor/CrashReporter.framework"; sourceTree = "<group>"; };
		F825387D1A3F818A004476DC /* ApplicationAppearance.swift */ = {isa = PBXFileReference; fileEncoding = 4; lastKnownFileType = sourcecode.swift; path = ApplicationAppearance.swift; sourceTree = "<group>"; };
		F825388A1A3F8C5C004476DC /* Cache.swift */ = {isa = PBXFileReference; fileEncoding = 4; lastKnownFileType = sourcecode.swift; path = Cache.swift; sourceTree = "<group>"; };
		F825388C1A3F8D4B004476DC /* Curry.swift */ = {isa = PBXFileReference; fileEncoding = 4; lastKnownFileType = sourcecode.swift; path = Curry.swift; sourceTree = "<group>"; };
/* End PBXFileReference section */

/* Begin PBXFrameworksBuildPhase section */
		24AC0AFE7BA3D43C7C04603F /* Frameworks */ = {
			isa = PBXFrameworksBuildPhase;
			buildActionMask = 2147483647;
			files = (
				F80E7A491AB26E000099227F /* Quick.framework in Frameworks */,
				F80E7A481AB26E000099227F /* Nimble.framework in Frameworks */,
				EA13D9001A78373400E2611C /* Nimble.framework in Frameworks */,
				EA13D9011A78373400E2611C /* Quick.framework in Frameworks */,
			);
			runOnlyForDeploymentPostprocessing = 0;
		};
		D6B504CCA3352A78D13680B4 /* Frameworks */ = {
			isa = PBXFrameworksBuildPhase;
			buildActionMask = 2147483647;
			files = (
				F80E7A591AB26F480099227F /* libHockeySDK.a in Frameworks */,
				F8104BEC1A545E4400A829A7 /* CrashReporter.framework in Frameworks */,
				F80E7A441AB26DED0099227F /* LlamaKit.framework in Frameworks */,
				F80BE3DF1A41E5B9009192A4 /* AssetsLibrary.framework in Frameworks */,
				F80BE3E01A41E5B9009192A4 /* CoreGraphics.framework in Frameworks */,
				F80BE3E11A41E5B9009192A4 /* CoreText.framework in Frameworks */,
				F80BE3E21A41E5B9009192A4 /* Foundation.framework in Frameworks */,
				F80BE3E31A41E5B9009192A4 /* MobileCoreServices.framework in Frameworks */,
				F80BE3E41A41E5B9009192A4 /* QuartzCore.framework in Frameworks */,
				F80E7A451AB26DED0099227F /* Runes.framework in Frameworks */,
				F80E7A421AB26DED0099227F /* Cascade.framework in Frameworks */,
				F80BE3E51A41E5B9009192A4 /* QuickLook.framework in Frameworks */,
				F80BE3E61A41E5B9009192A4 /* Security.framework in Frameworks */,
				F80BE3E71A41E5B9009192A4 /* SystemConfiguration.framework in Frameworks */,
				F80BE3E81A41E5B9009192A4 /* UIKit.framework in Frameworks */,
				F80E7A431AB26DED0099227F /* Gifu.framework in Frameworks */,
				EA4A51651A76EC6500DCEAA8 /* Runes.framework in Frameworks */,
				EA4A51631A76EC6100DCEAA8 /* LlamaKit.framework in Frameworks */,
				EA4A51611A76EC5D00DCEAA8 /* Gifu.framework in Frameworks */,
				EA4A515F1A76EC5A00DCEAA8 /* Cascade.framework in Frameworks */,
				EA835D801A1AA7310033AE00 /* libz.dylib in Frameworks */,
				EA835D7E1A1AA7250033AE00 /* libc++.dylib in Frameworks */,
				EA835D761A1AA6FB0033AE00 /* CFNetwork.framework in Frameworks */,
				EA137CE11A79943500A92B85 /* DropboxSDK.framework in Frameworks */,
			);
			runOnlyForDeploymentPostprocessing = 0;
		};
/* End PBXFrameworksBuildPhase section */

/* Begin PBXGroup section */
		0A2D6994F26EB0EA08A74735 /* UnitTests */ = {
			isa = PBXGroup;
			children = (
				EAB2111F1A24E2690069A5C6 /* Fakes */,
				DFFBDF0EB997B7BFC5676114 /* Resources */,
				8F24E5C5275E4C376C3538D4 /* Helpers */,
				9FE417C441FA1B4E62E13330 /* Tests */,
				F8B20F131A1D35AA00E8617F /* Frameworks */,
			);
			path = UnitTests;
			sourceTree = "<group>";
		};
		21ED4FA1DE6784D1F53EA793 = {
			isa = PBXGroup;
			children = (
				CD6F8D6182180892DF070680 /* Poppins */,
				0A2D6994F26EB0EA08A74735 /* UnitTests */,
				D891CE07DB60305C53AEBC5A /* Products */,
			);
			indentWidth = 4;
			sourceTree = "<group>";
			tabWidth = 4;
			usesTabs = 0;
		};
		243AB5E3CA6007E62EFE04E7 /* Protocols */ = {
			isa = PBXGroup;
			children = (
				EA835D811A1BA0560033AE00 /* LinkableService.swift */,
				EA13D8CB1A780EA600E2611C /* ViewModelObserver.swift */,
				EA13D8D11A78315A00E2611C /* ServiceUpdateObserver.swift */,
				EA137CF61A7AD37F00A92B85 /* SyncClient.swift */,
			);
			path = Protocols;
			sourceTree = "<group>";
		};
		3B8F3C69D1C7435C4717945C /* Views */ = {
			isa = PBXGroup;
			children = (
				EAB193171A2F9BD90002C6D0 /* PoppinsCell.swift */,
				5D8975C91A43807D00F72C27 /* Button.swift */,
			);
			path = Views;
			sourceTree = "<group>";
		};
		49F032B1FEF5FD5EF26F9DE7 /* Storyboards */ = {
			isa = PBXGroup;
			children = (
				3C2E4731BAC412231FABC50C /* Main.storyboard */,
				EA4A515A1A76E5B500DCEAA8 /* Authentication.storyboard */,
			);
			path = Storyboards;
			sourceTree = "<group>";
		};
		5EAEEA5A9A711562DD19B8DF /* Other-Sources */ = {
			isa = PBXGroup;
			children = (
				EA835D851A1BA1470033AE00 /* Poppins-Bridging-Header.h */,
				6C8F5A473AB2C1C4E96CABB0 /* Info.plist */,
			);
			path = "Other-Sources";
			sourceTree = "<group>";
		};
		7F98ED4DFBE763233E37A145 /* ViewModels */ = {
			isa = PBXGroup;
			children = (
				EA13D8C91A78014A00E2611C /* CascadeViewModel.swift */,
				EA13D8CD1A7824FF00E2611C /* PoppinsCellViewModel.swift */,
			);
			path = ViewModels;
			sourceTree = "<group>";
		};
		8F24E5C5275E4C376C3538D4 /* Helpers */ = {
			isa = PBXGroup;
			children = (
				EAB211221A2508C50069A5C6 /* NotificationListener.swift */,
			);
			path = Helpers;
			sourceTree = "<group>";
		};
		97EECE52D262452A82126E4F /* Models */ = {
			isa = PBXGroup;
			children = (
				EA835D831A1BA09D0033AE00 /* DropboxService.swift */,
				EAACE1E91A1BA7FD00E3C43D /* LinkManager.swift */,
				EA3EEDEF1A1CEC1D00DE2F3A /* Service.swift */,
				EA34E7841A1CFD4F00875CFC /* Async.swift */,
				EAB2111B1A24D7650069A5C6 /* UnconfiguredService.swift */,
				EAF49CDE1A3F582100B395DF /* GifItemSource.swift */,
				F80BE3E91A41E659009192A4 /* HockeyManager.swift */,
				F825388A1A3F8C5C004476DC /* Cache.swift */,
				EA395D661A448DF400EB607E /* AsyncQueue.swift */,
				EA137CC91A7962F000A92B85 /* ImageFetcher.swift */,
				EA137CD11A79773200A92B85 /* ImageFetchOperation.swift */,
				EA137CE21A7A8FAC00A92B85 /* DropboxClient.swift */,
				EA137CF01A7AC34800A92B85 /* CachedImage.swift */,
				EA137CF21A7AC3FC00A92B85 /* Store.swift */,
				EA137CF41A7AD29300A92B85 /* SyncEngine.swift */,
				EA137CF81A7AD40C00A92B85 /* FileInfo.swift */,
				EAA614CE1A7AEC13008DA897 /* UnconfiguredClient.swift */,
				EA2B79131A7C21310016F749 /* ManagedObjectContextObserver.swift */,
				EAD733A71A891C91004A7F6E /* ImageStore.swift */,
				EA5A86E01ABB850F00AD052A /* Signal.swift */,
			);
			path = Models;
			sourceTree = "<group>";
		};
		9B88E0AB406E4C76442BEB17 /* Extensions */ = {
			isa = PBXGroup;
			children = (
				EAB2111D1A24DEEA0069A5C6 /* UIApplication.swift */,
				EAF49B8A1A30FF1000B395DF /* UIImage.swift */,
				EAF49CD01A3F37D200B395DF /* Array.swift */,
				EA4A515C1A76E77500DCEAA8 /* UIWindow.swift */,
				EA474D0A1ABB941800127CEF /* CachedImageExtensions.swift */,
			);
			path = Extensions;
			sourceTree = "<group>";
		};
		9FE417C441FA1B4E62E13330 /* Tests */ = {
			isa = PBXGroup;
			children = (
				EA13D9051A792E7400E2611C /* Controllers */,
				EA13D9041A792E1E00E2611C /* ViewModels */,
				EAF49CEE1A3F86F100B395DF /* Extensions */,
				EA7A04331A23BB3B002C73AF /* Models */,
			);
			path = Tests;
			sourceTree = "<group>";
		};
		B029715156528B30CC3AA355 /* Nibs */ = {
			isa = PBXGroup;
			children = (
				75B6C9E72DDC09CBDC887474 /* LaunchScreen.xib */,
			);
			path = Nibs;
			sourceTree = "<group>";
		};
		C10628858FBC5CFBEF2E82A5 /* Controllers */ = {
			isa = PBXGroup;
			children = (
				636D3C7953B819874CE387DA /* AppDelegate.swift */,
				EAB1931B1A2FA8920002C6D0 /* ApplicationController.swift */,
				F825387D1A3F818A004476DC /* ApplicationAppearance.swift */,
				EA4A51581A76E49D00DCEAA8 /* RootController.swift */,
				EA13D8B61A77F53C00E2611C /* LinkAccountController.swift */,
				EA13D8C71A7800F500E2611C /* CascadeController.swift */,
				EA13D8CF1A78265700E2611C /* PoppinsCellController.swift */,
			);
			path = Controllers;
			sourceTree = "<group>";
		};
		CD6F8D6182180892DF070680 /* Poppins */ = {
			isa = PBXGroup;
			children = (
				EAACE1EE1A1BA90800E3C43D /* Functional */,
				9B88E0AB406E4C76442BEB17 /* Extensions */,
				243AB5E3CA6007E62EFE04E7 /* Protocols */,
				97EECE52D262452A82126E4F /* Models */,
				7F98ED4DFBE763233E37A145 /* ViewModels */,
				C10628858FBC5CFBEF2E82A5 /* Controllers */,
				EA4A511F1A76E0E400DCEAA8 /* ViewControllers */,
				3B8F3C69D1C7435C4717945C /* Views */,
				EEF0CA746796050EB40ADC3E /* Resources */,
				EAB192E41A2F8D420002C6D0 /* Frameworks */,
			);
			path = Poppins;
			sourceTree = "<group>";
		};
		D891CE07DB60305C53AEBC5A /* Products */ = {
			isa = PBXGroup;
			children = (
				ABB0894473AAFE7E68C6396D /* Poppins.app */,
				A7291FA7576673F55122E623 /* UnitTests.xctest */,
			);
			name = Products;
			sourceTree = "<group>";
		};
		DFFBDF0EB997B7BFC5676114 /* Resources */ = {
			isa = PBXGroup;
			children = (
				2687C52B5525793534A0348B /* UnitTests-Info.plist */,
			);
			path = Resources;
			sourceTree = "<group>";
		};
		EA137CE61A7ABF1F00A92B85 /* Data */ = {
			isa = PBXGroup;
			children = (
				EA137CE71A7ABF5800A92B85 /* PoppinsModel.xcdatamodeld */,
			);
			path = Data;
			sourceTree = "<group>";
		};
		EA13D9041A792E1E00E2611C /* ViewModels */ = {
			isa = PBXGroup;
			children = (
				EAA320591A793AB10039E234 /* CascadeViewModelSpec.swift */,
			);
			path = ViewModels;
			sourceTree = "<group>";
		};
		EA13D9051A792E7400E2611C /* Controllers */ = {
			isa = PBXGroup;
			children = (
			);
			path = Controllers;
			sourceTree = "<group>";
		};
		EA4A511F1A76E0E400DCEAA8 /* ViewControllers */ = {
			isa = PBXGroup;
			children = (
				EAB193151A2F8F8A0002C6D0 /* CascadeViewController.swift */,
				EAB193191A2FA0740002C6D0 /* LinkAccountViewController.swift */,
				EA4A51411A76E41300DCEAA8 /* RootViewController.swift */,
			);
			path = ViewControllers;
			sourceTree = "<group>";
		};
		EA7A04331A23BB3B002C73AF /* Models */ = {
			isa = PBXGroup;
			children = (
				EA7A04341A23BB69002C73AF /* SyncManagerSpec.swift */,
			);
			path = Models;
			sourceTree = "<group>";
		};
		EAACE1EE1A1BA90800E3C43D /* Functional */ = {
			isa = PBXGroup;
			children = (
				EAACE1F11A1BA9BF00E3C43D /* Optional.swift */,
				EA7A042D1A1E44D8002C73AF /* Result.swift */,
				F825388C1A3F8D4B004476DC /* Curry.swift */,
			);
			path = Functional;
			sourceTree = "<group>";
		};
		EAB192E41A2F8D420002C6D0 /* Frameworks */ = {
			isa = PBXGroup;
			children = (
				F80E7A4A1AB26F050099227F /* HockeySDK.xcodeproj */,
				F80E7A3E1AB26DED0099227F /* Cascade.framework */,
				F80E7A3F1AB26DED0099227F /* Gifu.framework */,
				F80E7A401AB26DED0099227F /* LlamaKit.framework */,
				F80E7A411AB26DED0099227F /* Runes.framework */,
				EA137CE01A79943500A92B85 /* DropboxSDK.framework */,
				EA4A51641A76EC6500DCEAA8 /* Runes.framework */,
				F8104BEB1A545E4400A829A7 /* CrashReporter.framework */,
				F80BE3D51A41E5B9009192A4 /* AssetsLibrary.framework */,
				F80BE3D61A41E5B9009192A4 /* CoreGraphics.framework */,
				F80BE3D71A41E5B9009192A4 /* CoreText.framework */,
				F80BE3D81A41E5B9009192A4 /* Foundation.framework */,
				F80BE3D91A41E5B9009192A4 /* MobileCoreServices.framework */,
				F80BE3DA1A41E5B9009192A4 /* QuartzCore.framework */,
				F80BE3DB1A41E5B9009192A4 /* QuickLook.framework */,
				F80BE3DC1A41E5B9009192A4 /* Security.framework */,
				F80BE3DD1A41E5B9009192A4 /* SystemConfiguration.framework */,
				F80BE3DE1A41E5B9009192A4 /* UIKit.framework */,
			);
			name = Frameworks;
			sourceTree = "<group>";
		};
		EAB2111F1A24E2690069A5C6 /* Fakes */ = {
			isa = PBXGroup;
			children = (
				EAB211201A24E2EB0069A5C6 /* FakeDropboxService.swift */,
			);
			path = Fakes;
			sourceTree = "<group>";
		};
		EAF49CEE1A3F86F100B395DF /* Extensions */ = {
			isa = PBXGroup;
			children = (
				EAF49CEF1A3F872300B395DF /* ArrayExtensionSpec.swift */,
			);
			path = Extensions;
			sourceTree = "<group>";
		};
		EEF0CA746796050EB40ADC3E /* Resources */ = {
			isa = PBXGroup;
			children = (
				0A2729CDC3064EC8E18E74E8 /* Images.xcassets */,
				EA137CE61A7ABF1F00A92B85 /* Data */,
				49F032B1FEF5FD5EF26F9DE7 /* Storyboards */,
				B029715156528B30CC3AA355 /* Nibs */,
				5EAEEA5A9A711562DD19B8DF /* Other-Sources */,
			);
			path = Resources;
			sourceTree = "<group>";
		};
		F80E7A4B1AB26F050099227F /* Products */ = {
			isa = PBXGroup;
			children = (
				F80E7A531AB26F050099227F /* libHockeySDK.a */,
				F80E7A551AB26F050099227F /* HockeySDKResources.bundle */,
				F80E7A571AB26F050099227F /* HockeySDKTests.xctest */,
		F8104BDD1A545E1500A829A7 /* Products */ = {
			isa = PBXGroup;
			children = (
				F8104BE51A545E1600A829A7 /* libHockeySDK.a */,
				F8104BE71A545E1600A829A7 /* HockeySDKResources.bundle */,
				F8104BE91A545E1600A829A7 /* HockeySDKTests.xctest */,
			);
			name = Products;
			sourceTree = "<group>";
		};
		F8B20F131A1D35AA00E8617F /* Frameworks */ = {
			isa = PBXGroup;
			children = (
				F80E7A461AB26E000099227F /* Nimble.framework */,
				F80E7A471AB26E000099227F /* Quick.framework */,
				EA13D8FE1A78373400E2611C /* Nimble.framework */,
				EA13D8FF1A78373400E2611C /* Quick.framework */,
			);
			name = Frameworks;
			path = ..;
			sourceTree = "<group>";
		};
/* End PBXGroup section */

/* Begin PBXNativeTarget section */
		2DBA6B2B62D406A34A4331FC /* UnitTests */ = {
			isa = PBXNativeTarget;
			buildConfigurationList = 1BB06F441B11609F08E21A10 /* Build configuration list for PBXNativeTarget "UnitTests" */;
			buildPhases = (
				5ED4D54F2118421E34F60D4B /* Sources */,
				24AC0AFE7BA3D43C7C04603F /* Frameworks */,
				2B880047512FD84ED462077B /* Resources */,
				EAB211181A23D6520069A5C6 /* CopyFiles */,
			);
			buildRules = (
			);
			dependencies = (
				38098CEC83177205EA7102E2 /* PBXTargetDependency */,
			);
			name = UnitTests;
			productName = UnitTests;
			productReference = A7291FA7576673F55122E623 /* UnitTests.xctest */;
			productType = "com.apple.product-type.bundle.unit-test";
		};
		4E511CA83D18390E4117F469 /* Poppins */ = {
			isa = PBXNativeTarget;
			buildConfigurationList = 14417E12EB57973EFBD9B235 /* Build configuration list for PBXNativeTarget "Poppins" */;
			buildPhases = (
				D01FF001B12CC6AF740546A8 /* Sources */,
				D6B504CCA3352A78D13680B4 /* Frameworks */,
				5723682AFF856008F564888D /* Resources */,
				EA4A51681A76ED2700DCEAA8 /* Run Script */,
				7751DD704587A0B455FDB517 /* Warn for TODO and FIXME comments */,
				F80BE3EB1A41FCE7009192A4 /* Set version number */,
				EAB1930E1A2F8DC40002C6D0 /* Embed Frameworks */,
			);
			buildRules = (
			);
			dependencies = (
			);
			name = Poppins;
			productName = Poppins;
			productReference = ABB0894473AAFE7E68C6396D /* Poppins.app */;
			productType = "com.apple.product-type.application";
		};
/* End PBXNativeTarget section */

/* Begin PBXProject section */
		BBAD5EE8160C5BC2C5877301 /* Project object */ = {
			isa = PBXProject;
			attributes = {
				CLASSPREFIX = POP;
				LastUpgradeCheck = 0620;
				ORGANIZATIONNAME = thoughtbot;
				TargetAttributes = {
					4E511CA83D18390E4117F469 = {
						DevelopmentTeam = 967Y67253P;
					};
				};
			};
			buildConfigurationList = 92050B833C05DE2E49F161F0 /* Build configuration list for PBXProject "Poppins" */;
			compatibilityVersion = "Xcode 3.2";
			developmentRegion = English;
			hasScannedForEncodings = 0;
			knownRegions = (
				en,
			);
			mainGroup = 21ED4FA1DE6784D1F53EA793;
			productRefGroup = D891CE07DB60305C53AEBC5A /* Products */;
			projectDirPath = "";
			projectReferences = (
				{
					ProductGroup = F80E7A4B1AB26F050099227F /* Products */;
					ProjectRef = F80E7A4A1AB26F050099227F /* HockeySDK.xcodeproj */;
					ProductGroup = F8104BDD1A545E1500A829A7 /* Products */;
					ProjectRef = F8104BDC1A545E1500A829A7 /* HockeySDK.xcodeproj */;
				},
			);
			projectRoot = "";
			targets = (
				4E511CA83D18390E4117F469 /* Poppins */,
				2DBA6B2B62D406A34A4331FC /* UnitTests */,
			);
		};
/* End PBXProject section */

/* Begin PBXReferenceProxy section */
		F80E7A531AB26F050099227F /* libHockeySDK.a */ = {
			isa = PBXReferenceProxy;
			fileType = archive.ar;
			path = libHockeySDK.a;
			remoteRef = F80E7A521AB26F050099227F /* PBXContainerItemProxy */;
			sourceTree = BUILT_PRODUCTS_DIR;
		};
		F80E7A551AB26F050099227F /* HockeySDKResources.bundle */ = {
			isa = PBXReferenceProxy;
			fileType = wrapper.cfbundle;
			path = HockeySDKResources.bundle;
			remoteRef = F80E7A541AB26F050099227F /* PBXContainerItemProxy */;
			sourceTree = BUILT_PRODUCTS_DIR;
		};
		F80E7A571AB26F050099227F /* HockeySDKTests.xctest */ = {
			isa = PBXReferenceProxy;
			fileType = wrapper.cfbundle;
			path = HockeySDKTests.xctest;
			remoteRef = F80E7A561AB26F050099227F /* PBXContainerItemProxy */;
			remoteRef = F8104BE81A545E1600A829A7 /* PBXContainerItemProxy */;
			sourceTree = BUILT_PRODUCTS_DIR;
		};
/* End PBXReferenceProxy section */

/* Begin PBXResourcesBuildPhase section */
		2B880047512FD84ED462077B /* Resources */ = {
			isa = PBXResourcesBuildPhase;
			buildActionMask = 2147483647;
			files = (
			);
			runOnlyForDeploymentPostprocessing = 0;
		};
		5723682AFF856008F564888D /* Resources */ = {
			isa = PBXResourcesBuildPhase;
			buildActionMask = 2147483647;
			files = (
				EA4A515B1A76E5B500DCEAA8 /* Authentication.storyboard in Resources */,
				52F67282AB2CBF409064A361 /* Images.xcassets in Resources */,
				F80E7A5A1AB26F570099227F /* HockeySDKResources.bundle in Resources */,
			);
			runOnlyForDeploymentPostprocessing = 0;
		};
/* End PBXResourcesBuildPhase section */

/* Begin PBXShellScriptBuildPhase section */
		7751DD704587A0B455FDB517 /* Warn for TODO and FIXME comments */ = {
			isa = PBXShellScriptBuildPhase;
			buildActionMask = 2147483647;
			files = (
			);
			inputPaths = (
			);
			name = "Warn for TODO and FIXME comments";
			outputPaths = (
			);
			runOnlyForDeploymentPostprocessing = 0;
			shellPath = /bin/sh;
			shellScript = "KEYWORDS=\"TODO:|FIXME:|\\?\\?\\?:|\\!\\!\\!:\"\nFILE_EXTENSIONS=\"h|m|mm|c|cpp\"\nfind -E \"${SRCROOT}\" -ipath \"${SRCROOT}/Carthage\" -prune -o \\( -regex \".*\\.($FILE_EXTENSIONS)$\" \\) -print0 | xargs -0 egrep --with-filename --line-number --only-matching \"($KEYWORDS).*\\$\" | perl -p -e \"s/($KEYWORDS)/ warning: \\$1/\"\n";
		};
		EA4A51681A76ED2700DCEAA8 /* Run Script */ = {
			isa = PBXShellScriptBuildPhase;
			buildActionMask = 2147483647;
			files = (
			);
			inputPaths = (
				"$(SRCROOT)/Carthage/Build/iOS/LlamaKit.framework",
				"$(SRCROOT)/Carthage/Build/iOS/Runes.framework",
				"$(SRCROOT)/Carthage/Build/iOS/Cascade.framework",
				"$(SRCROOT)/Carthage/Build/iOS/Gifu.framework",
			);
			name = "Run Script";
			outputPaths = (
			);
			runOnlyForDeploymentPostprocessing = 0;
			shellPath = /bin/sh;
			shellScript = "/usr/local/bin/carthage copy-frameworks";
		};
		F80BE3EB1A41FCE7009192A4 /* Set version number */ = {
			isa = PBXShellScriptBuildPhase;
			buildActionMask = 2147483647;
			files = (
			);
			inputPaths = (
			);
			name = "Set version number";
			outputPaths = (
			);
			runOnlyForDeploymentPostprocessing = 0;
			shellPath = /bin/sh;
			shellScript = "#\n# Set the build number to the current git commit count.\n# If we're using the Dev scheme, then we'll suffix the build\n# number with the current branch name, to make collisions\n# far less likely across feature branches.\n# Based on: http://w3facility.info/question/how-do-i-force-xcode-to-rebuild-the-info-plist-file-in-my-project-every-time-i-build-the-project/\n#\ngit=`sh /etc/profile; which git`\nappBuild=`\"$git\" rev-list master | wc -l`\nif [ $CONFIGURATION = \"Debug\" ]; then\nbranchName=`\"$git\" rev-parse --abbrev-ref HEAD`\n/usr/libexec/PlistBuddy -c \"Set :CFBundleVersion $appBuild-$branchName\" \"${TARGET_BUILD_DIR}/${INFOPLIST_PATH}\"\nelse\n/usr/libexec/PlistBuddy -c \"Set :CFBundleVersion $appBuild\" \"${TARGET_BUILD_DIR}/${INFOPLIST_PATH}\"\nfi\necho \"Updated ${TARGET_BUILD_DIR}/${INFOPLIST_PATH}\"";
		};
/* End PBXShellScriptBuildPhase section */

/* Begin PBXSourcesBuildPhase section */
		5ED4D54F2118421E34F60D4B /* Sources */ = {
			isa = PBXSourcesBuildPhase;
			buildActionMask = 2147483647;
			files = (
				EA13D8E01A78362A00E2611C /* LinkManager.swift in Sources */,
				EA13D8F41A78362A00E2611C /* PoppinsCell.swift in Sources */,
				EAA3205A1A793AB10039E234 /* CascadeViewModelSpec.swift in Sources */,
				EA13D8E81A78362A00E2611C /* CascadeViewModel.swift in Sources */,
				EA13D8DD1A78362A00E2611C /* ViewModelObserver.swift in Sources */,
				EA13D8EA1A78362A00E2611C /* AppDelegate.swift in Sources */,
				EA2B791A1A7C25F60016F749 /* ManagedObjectContextObserver.swift in Sources */,
				EA13D8DE1A78362A00E2611C /* ServiceUpdateObserver.swift in Sources */,
				EA13D8E41A78362A00E2611C /* GifItemSource.swift in Sources */,
				EA13D8D91A78361C00E2611C /* UIImage.swift in Sources */,
				EA137CD31A79773200A92B85 /* ImageFetchOperation.swift in Sources */,
				EA13D8F31A78362A00E2611C /* RootViewController.swift in Sources */,
				EA13D8D41A78360A00E2611C /* Result.swift in Sources */,
				EA5A86E21ABB850F00AD052A /* Signal.swift in Sources */,
				EA7A04351A23BB69002C73AF /* SyncManagerSpec.swift in Sources */,
				EA13D8DB1A78361C00E2611C /* UIWindow.swift in Sources */,
				EA13D8E91A78362A00E2611C /* PoppinsCellViewModel.swift in Sources */,
				EA13D8F21A78362A00E2611C /* LinkAccountViewController.swift in Sources */,
				EA13D8E21A78362A00E2611C /* Async.swift in Sources */,
				EAA614C61A7AEAA1008DA897 /* SyncEngine.swift in Sources */,
				EAA614C31A7AEAA1008DA897 /* CachedImage.swift in Sources */,
				EA13D8E61A78362A00E2611C /* Cache.swift in Sources */,
				EA13D8EF1A78362A00E2611C /* CascadeController.swift in Sources */,
				EA13D8D31A78360700E2611C /* Optional.swift in Sources */,
				EAB211211A24E2EB0069A5C6 /* FakeDropboxService.swift in Sources */,
				EA13D8E71A78362A00E2611C /* AsyncQueue.swift in Sources */,
				EA13D8E11A78362A00E2611C /* Service.swift in Sources */,
				EA13D8F11A78362A00E2611C /* CascadeViewController.swift in Sources */,
				EA13D8D51A78360D00E2611C /* Curry.swift in Sources */,
				EAA614D01A7AEC13008DA897 /* UnconfiguredClient.swift in Sources */,
				EAA614C21A7AEAA1008DA897 /* SyncClient.swift in Sources */,
				EA13D8E31A78362A00E2611C /* UnconfiguredService.swift in Sources */,
				EA13D8EC1A78362A00E2611C /* ApplicationAppearance.swift in Sources */,
				EA13D8EE1A78362A00E2611C /* LinkAccountController.swift in Sources */,
				EAA614C71A7AEAA1008DA897 /* FileInfo.swift in Sources */,
				EA13D8DC1A78362A00E2611C /* LinkableService.swift in Sources */,
				EA13D8F01A78362A00E2611C /* PoppinsCellController.swift in Sources */,
				EAF49CF01A3F872300B395DF /* ArrayExtensionSpec.swift in Sources */,
				EA13D8DA1A78361C00E2611C /* Array.swift in Sources */,
				EA13D8D81A78361C00E2611C /* UIApplication.swift in Sources */,
				EA13D8E51A78362A00E2611C /* HockeyManager.swift in Sources */,
				EA13D8EB1A78362A00E2611C /* ApplicationController.swift in Sources */,
				EAA614CD1A7AEB92008DA897 /* DropboxClient.swift in Sources */,
				EAD733A91A891C91004A7F6E /* ImageStore.swift in Sources */,
				EA13D8ED1A78362A00E2611C /* RootController.swift in Sources */,
				EAA614C51A7AEAA1008DA897 /* Store.swift in Sources */,
				EA13D8DF1A78362A00E2611C /* DropboxService.swift in Sources */,
				EA13D8F51A78362A00E2611C /* Button.swift in Sources */,
				EAB211231A2508C50069A5C6 /* NotificationListener.swift in Sources */,
				EA137CCB1A7962F000A92B85 /* ImageFetcher.swift in Sources */,
			);
			runOnlyForDeploymentPostprocessing = 0;
		};
		D01FF001B12CC6AF740546A8 /* Sources */ = {
			isa = PBXSourcesBuildPhase;
			buildActionMask = 2147483647;
			files = (
				EA13D8D21A78315A00E2611C /* ServiceUpdateObserver.swift in Sources */,
				EA137CE31A7A8FAC00A92B85 /* DropboxClient.swift in Sources */,
				EA137CD21A79773200A92B85 /* ImageFetchOperation.swift in Sources */,
				EA137CF71A7AD37F00A92B85 /* SyncClient.swift in Sources */,
				EA4A515D1A76E77500DCEAA8 /* UIWindow.swift in Sources */,
				EAACE1EA1A1BA7FD00E3C43D /* LinkManager.swift in Sources */,
				EAB193161A2F8F8A0002C6D0 /* CascadeViewController.swift in Sources */,
				EA3EEDF01A1CEC1D00DE2F3A /* Service.swift in Sources */,
				EA5A86E11ABB850F00AD052A /* Signal.swift in Sources */,
				EA137CCA1A7962F000A92B85 /* ImageFetcher.swift in Sources */,
				EA137CE91A7ABF5800A92B85 /* PoppinsModel.xcdatamodeld in Sources */,
				EA395D671A448DF400EB607E /* AsyncQueue.swift in Sources */,
				EAD733A81A891C91004A7F6E /* ImageStore.swift in Sources */,
				EA4A51591A76E49D00DCEAA8 /* RootController.swift in Sources */,
				EA4A51421A76E41300DCEAA8 /* RootViewController.swift in Sources */,
				EA13D8B71A77F53C00E2611C /* LinkAccountController.swift in Sources */,
				EA7A042E1A1E44D8002C73AF /* Result.swift in Sources */,
				EAB193181A2F9BD90002C6D0 /* PoppinsCell.swift in Sources */,
				EAF49B8B1A30FF1000B395DF /* UIImage.swift in Sources */,
				5D8975CA1A43807D00F72C27 /* Button.swift in Sources */,
				EAB1931A1A2FA0740002C6D0 /* LinkAccountViewController.swift in Sources */,
				EAACE1F21A1BA9BF00E3C43D /* Optional.swift in Sources */,
				EAB2111E1A24DEEA0069A5C6 /* UIApplication.swift in Sources */,
				EA835D841A1BA09D0033AE00 /* DropboxService.swift in Sources */,
				EA137CF31A7AC3FC00A92B85 /* Store.swift in Sources */,
				EA34E7851A1CFD4F00875CFC /* Async.swift in Sources */,
				EA137CF91A7AD40C00A92B85 /* FileInfo.swift in Sources */,
				6552338E2EB4663B2328ED58 /* AppDelegate.swift in Sources */,
				F825387E1A3F818A004476DC /* ApplicationAppearance.swift in Sources */,
				F825388B1A3F8C5C004476DC /* Cache.swift in Sources */,
				6A696F747A9BF689A96680CC /* Main.storyboard in Sources */,
				EAB1931C1A2FA8920002C6D0 /* ApplicationController.swift in Sources */,
				EA835D821A1BA0560033AE00 /* LinkableService.swift in Sources */,
				EAF49CD11A3F37D200B395DF /* Array.swift in Sources */,
				F825388D1A3F8D4B004476DC /* Curry.swift in Sources */,
				EAA614CF1A7AEC13008DA897 /* UnconfiguredClient.swift in Sources */,
				EA13D8CA1A78014A00E2611C /* CascadeViewModel.swift in Sources */,
				EA13D8C81A7800F500E2611C /* CascadeController.swift in Sources */,
				EA474D0B1ABB941800127CEF /* CachedImageExtensions.swift in Sources */,
				EA137CF11A7AC34800A92B85 /* CachedImage.swift in Sources */,
				EA137CF51A7AD29300A92B85 /* SyncEngine.swift in Sources */,
				0A29E77C11C2C881B0361ADD /* LaunchScreen.xib in Sources */,
				EAF49CDF1A3F582100B395DF /* GifItemSource.swift in Sources */,
				F80BE3EA1A41E659009192A4 /* HockeyManager.swift in Sources */,
				EA13D8CE1A7824FF00E2611C /* PoppinsCellViewModel.swift in Sources */,
				EA2B79141A7C21310016F749 /* ManagedObjectContextObserver.swift in Sources */,
				EAB2111C1A24D7650069A5C6 /* UnconfiguredService.swift in Sources */,
				EA13D8CC1A780EA600E2611C /* ViewModelObserver.swift in Sources */,
				EA13D8D01A78265700E2611C /* PoppinsCellController.swift in Sources */,
			);
			runOnlyForDeploymentPostprocessing = 0;
		};
/* End PBXSourcesBuildPhase section */

/* Begin PBXTargetDependency section */
		38098CEC83177205EA7102E2 /* PBXTargetDependency */ = {
			isa = PBXTargetDependency;
			target = 4E511CA83D18390E4117F469 /* Poppins */;
			targetProxy = 13F35E0C39519C8CB61B424C /* PBXContainerItemProxy */;
		};
/* End PBXTargetDependency section */

/* Begin XCBuildConfiguration section */
		02E25AB839B137527234A708 /* Release */ = {
			isa = XCBuildConfiguration;
			buildSettings = {
				BUNDLE_LOADER = "$(BUILT_PRODUCTS_DIR)/Poppins.app/Poppins";
				CLANG_ENABLE_MODULES = YES;
				FRAMEWORK_SEARCH_PATHS = (
					"$(SDKROOT)/Developer/Library/Frameworks",
					"$(inherited)",
					"$(DEVELOPER_FRAMEWORKS_DIR)",
					"$(PROJECT_DIR)/Carthage/Build/iOS",
				);
				INFOPLIST_FILE = "UnitTests/Resources/UnitTests-Info.plist";
				LD_RUNPATH_SEARCH_PATHS = "$(inherited) @executable_path/Frameworks @loader_path/Frameworks";
				PRODUCT_NAME = "$(TARGET_NAME)";
				SDKROOT = iphoneos;
				SKIP_INSTALL = YES;
				TEST_HOST = "$(BUNDLE_LOADER)";
				WRAPPER_EXTENSION = xctest;
			};
			name = Release;
		};
		0947925760929CB551D35466 /* Release */ = {
			isa = XCBuildConfiguration;
			buildSettings = {
				ALWAYS_SEARCH_USER_PATHS = NO;
				CLANG_ENABLE_MODULES = YES;
				CODE_SIGN_IDENTITY = "iPhone Distribution: THOUGHTBOT INC";
				"CODE_SIGN_IDENTITY[sdk=iphoneos*]" = "iPhone Distribution: THOUGHTBOT INC";
				DSTROOT = /tmp/xcodeproj.dst;
				EMBEDDED_CONTENT_CONTAINS_SWIFT = YES;
				FRAMEWORK_SEARCH_PATHS = (
					"$(inherited)",
					"$(PROJECT_DIR)/Frameworks",
					"$(PROJECT_DIR)/Carthage/Checkouts/HockeySDK-iOS/Vendor",
					"$(PROJECT_DIR)/Carthage/Build/iOS",
				);
				GCC_PRECOMPILE_PREFIX_HEADER = YES;
				GCC_TREAT_WARNINGS_AS_ERRORS = YES;
				INFOPLIST_FILE = "Poppins/Resources/Other-Sources/Info.plist";
				INSTALL_PATH = "$(BUILT_PRODUCTS_DIR)";
				LD_RUNPATH_SEARCH_PATHS = "$(inherited) @executable_path/Frameworks";
				OTHER_CFLAGS = (
					"-DNS_BLOCK_ASSERTIONS=1",
					"$(inherited)",
				);
				OTHER_CPLUSPLUSFLAGS = (
					"-DNS_BLOCK_ASSERTIONS=1",
					"$(inherited)",
				);
				PRODUCT_NAME = "$(TARGET_NAME)";
				PROVISIONING_PROFILE = "2ada0e11-a595-4cbf-a3d5-f4a5cfa6c348";
				PUBLIC_HEADERS_FOLDER_PATH = "$(TARGET_NAME)";
				SDKROOT = iphoneos;
				VALIDATE_PRODUCT = YES;
			};
			name = Release;
		};
		70F745B2CD2670C497089B02 /* Debug */ = {
			isa = XCBuildConfiguration;
			buildSettings = {
				ALWAYS_SEARCH_USER_PATHS = NO;
				CLANG_ENABLE_MODULES = YES;
				CODE_SIGN_IDENTITY = "iPhone Developer";
				"CODE_SIGN_IDENTITY[sdk=iphoneos*]" = "iPhone Developer";
				DSTROOT = /tmp/xcodeproj.dst;
				EMBEDDED_CONTENT_CONTAINS_SWIFT = YES;
				FRAMEWORK_SEARCH_PATHS = (
					"$(inherited)",
					"$(PROJECT_DIR)/Frameworks",
					"$(PROJECT_DIR)/Carthage/Checkouts/HockeySDK-iOS/Vendor",
					"$(PROJECT_DIR)/Carthage/Build/iOS",
				);
				GCC_DYNAMIC_NO_PIC = NO;
				GCC_OPTIMIZATION_LEVEL = 0;
				GCC_PRECOMPILE_PREFIX_HEADER = YES;
				GCC_PREPROCESSOR_DEFINITIONS = (
					"DEBUG=1",
					"$(inherited)",
				);
				GCC_SYMBOLS_PRIVATE_EXTERN = NO;
				INFOPLIST_FILE = "Poppins/Resources/Other-Sources/Info.plist";
				INSTALL_PATH = "$(BUILT_PRODUCTS_DIR)";
				LD_RUNPATH_SEARCH_PATHS = "$(inherited) @executable_path/Frameworks";
				PRODUCT_NAME = "$(TARGET_NAME)";
				PROVISIONING_PROFILE = "";
				PUBLIC_HEADERS_FOLDER_PATH = "$(TARGET_NAME)";
				SDKROOT = iphoneos;
				SWIFT_OPTIMIZATION_LEVEL = "-Onone";
			};
			name = Debug;
		};
		AFAC2F5F893B59A6E7422085 /* Release */ = {
			isa = XCBuildConfiguration;
			buildSettings = {
				ALWAYS_SEARCH_USER_PATHS = NO;
				ASSETCATALOG_COMPILER_APPICON_NAME = AppIcon;
				CLANG_CXX_LANGUAGE_STANDARD = "gnu++0x";
				CLANG_CXX_LIBRARY = "libc++";
				CLANG_ENABLE_MODULES = YES;
				CLANG_ENABLE_OBJC_ARC = YES;
				CLANG_WARN_BOOL_CONVERSION = YES;
				CLANG_WARN_CONSTANT_CONVERSION = YES;
				CLANG_WARN_DEPRECATED_OBJC_IMPLEMENTATIONS = YES;
				CLANG_WARN_DIRECT_OBJC_ISA_USAGE = YES;
				CLANG_WARN_EMPTY_BODY = YES;
				CLANG_WARN_ENUM_CONVERSION = YES;
				CLANG_WARN_IMPLICIT_SIGN_CONVERSION = YES;
				CLANG_WARN_INT_CONVERSION = YES;
				CLANG_WARN_OBJC_IMPLICIT_RETAIN_SELF = YES;
				CLANG_WARN_OBJC_ROOT_CLASS = YES;
				CLANG_WARN_SUSPICIOUS_IMPLICIT_CONVERSION = YES;
				"CODE_SIGN_IDENTITY[sdk=iphoneos*]" = "iPhone Developer";
				COPY_PHASE_STRIP = NO;
				ENABLE_NS_ASSERTIONS = NO;
				FRAMEWORK_SEARCH_PATHS = "${PROJECT_DIR}/Frameworks";
				GCC_C_LANGUAGE_STANDARD = gnu99;
				GCC_WARN_64_TO_32_BIT_CONVERSION = YES;
				GCC_WARN_ABOUT_DEPRECATED_FUNCTIONS = YES;
				GCC_WARN_ABOUT_MISSING_FIELD_INITIALIZERS = YES;
				GCC_WARN_ABOUT_MISSING_NEWLINE = YES;
				GCC_WARN_ABOUT_RETURN_TYPE = YES;
				GCC_WARN_CHECK_SWITCH_STATEMENTS = YES;
				GCC_WARN_INITIALIZER_NOT_FULLY_BRACKETED = YES;
				GCC_WARN_MISSING_PARENTHESES = YES;
				GCC_WARN_SHADOW = YES;
				GCC_WARN_SIGN_COMPARE = YES;
				GCC_WARN_TYPECHECK_CALLS_TO_PRINTF = YES;
				GCC_WARN_UNDECLARED_SELECTOR = YES;
				GCC_WARN_UNINITIALIZED_AUTOS = YES;
				GCC_WARN_UNUSED_FUNCTION = YES;
				GCC_WARN_UNUSED_LABEL = YES;
				GCC_WARN_UNUSED_VALUE = YES;
				GCC_WARN_UNUSED_VARIABLE = YES;
				IPHONEOS_DEPLOYMENT_TARGET = 8.0;
				RUN_CLANG_STATIC_ANALYZER = YES;
				SDKROOT = iphoneos;
				SWIFT_OBJC_BRIDGING_HEADER = "Poppins/Resources/Other-Sources/Poppins-Bridging-Header.h";
				VALIDATE_PRODUCT = YES;
			};
			name = Release;
		};
		BD0FBA95A1109CBE024464BF /* Debug */ = {
			isa = XCBuildConfiguration;
			buildSettings = {
				ALWAYS_SEARCH_USER_PATHS = NO;
				ASSETCATALOG_COMPILER_APPICON_NAME = AppIcon;
				CLANG_CXX_LANGUAGE_STANDARD = "gnu++0x";
				CLANG_CXX_LIBRARY = "libc++";
				CLANG_ENABLE_MODULES = YES;
				CLANG_ENABLE_OBJC_ARC = YES;
				CLANG_WARN_BOOL_CONVERSION = YES;
				CLANG_WARN_CONSTANT_CONVERSION = YES;
				CLANG_WARN_DEPRECATED_OBJC_IMPLEMENTATIONS = YES;
				CLANG_WARN_DIRECT_OBJC_ISA_USAGE = YES;
				CLANG_WARN_EMPTY_BODY = YES;
				CLANG_WARN_ENUM_CONVERSION = YES;
				CLANG_WARN_IMPLICIT_SIGN_CONVERSION = YES;
				CLANG_WARN_INT_CONVERSION = YES;
				CLANG_WARN_OBJC_IMPLICIT_RETAIN_SELF = YES;
				CLANG_WARN_OBJC_ROOT_CLASS = YES;
				CLANG_WARN_SUSPICIOUS_IMPLICIT_CONVERSION = YES;
				"CODE_SIGN_IDENTITY[sdk=iphoneos*]" = "iPhone Developer";
				COPY_PHASE_STRIP = NO;
				FRAMEWORK_SEARCH_PATHS = "${PROJECT_DIR}/Frameworks";
				GCC_C_LANGUAGE_STANDARD = gnu99;
				GCC_DYNAMIC_NO_PIC = NO;
				GCC_OPTIMIZATION_LEVEL = 0;
				GCC_PREPROCESSOR_DEFINITIONS = (
					"DEBUG=1",
					"$(inherited)",
				);
				GCC_SYMBOLS_PRIVATE_EXTERN = NO;
				GCC_WARN_64_TO_32_BIT_CONVERSION = YES;
				GCC_WARN_ABOUT_DEPRECATED_FUNCTIONS = YES;
				GCC_WARN_ABOUT_MISSING_FIELD_INITIALIZERS = YES;
				GCC_WARN_ABOUT_MISSING_NEWLINE = YES;
				GCC_WARN_ABOUT_RETURN_TYPE = YES;
				GCC_WARN_CHECK_SWITCH_STATEMENTS = YES;
				GCC_WARN_INITIALIZER_NOT_FULLY_BRACKETED = YES;
				GCC_WARN_MISSING_PARENTHESES = YES;
				GCC_WARN_SHADOW = YES;
				GCC_WARN_SIGN_COMPARE = YES;
				GCC_WARN_TYPECHECK_CALLS_TO_PRINTF = YES;
				GCC_WARN_UNDECLARED_SELECTOR = YES;
				GCC_WARN_UNINITIALIZED_AUTOS = YES;
				GCC_WARN_UNUSED_FUNCTION = YES;
				GCC_WARN_UNUSED_LABEL = YES;
				GCC_WARN_UNUSED_VALUE = YES;
				GCC_WARN_UNUSED_VARIABLE = YES;
				IPHONEOS_DEPLOYMENT_TARGET = 8.0;
				ONLY_ACTIVE_ARCH = YES;
				RUN_CLANG_STATIC_ANALYZER = YES;
				SDKROOT = iphoneos;
				SWIFT_OBJC_BRIDGING_HEADER = "Poppins/Resources/Other-Sources/Poppins-Bridging-Header.h";
			};
			name = Debug;
		};
		DFEF60CD964FF44B937666E9 /* Debug */ = {
			isa = XCBuildConfiguration;
			buildSettings = {
				BUNDLE_LOADER = "$(BUILT_PRODUCTS_DIR)/Poppins.app/Poppins";
				CLANG_ENABLE_MODULES = YES;
				FRAMEWORK_SEARCH_PATHS = (
					"$(SDKROOT)/Developer/Library/Frameworks",
					"$(inherited)",
					"$(DEVELOPER_FRAMEWORKS_DIR)",
					"$(PROJECT_DIR)/Carthage/Build/iOS",
				);
				INFOPLIST_FILE = "UnitTests/Resources/UnitTests-Info.plist";
				LD_RUNPATH_SEARCH_PATHS = "$(inherited) @executable_path/Frameworks @loader_path/Frameworks";
				PRODUCT_NAME = "$(TARGET_NAME)";
				SDKROOT = iphoneos;
				SKIP_INSTALL = YES;
				SWIFT_OPTIMIZATION_LEVEL = "-Onone";
				TEST_HOST = "$(BUNDLE_LOADER)";
				WRAPPER_EXTENSION = xctest;
			};
			name = Debug;
		};
/* End XCBuildConfiguration section */

/* Begin XCConfigurationList section */
		14417E12EB57973EFBD9B235 /* Build configuration list for PBXNativeTarget "Poppins" */ = {
			isa = XCConfigurationList;
			buildConfigurations = (
				0947925760929CB551D35466 /* Release */,
				70F745B2CD2670C497089B02 /* Debug */,
			);
			defaultConfigurationIsVisible = 0;
			defaultConfigurationName = Release;
		};
		1BB06F441B11609F08E21A10 /* Build configuration list for PBXNativeTarget "UnitTests" */ = {
			isa = XCConfigurationList;
			buildConfigurations = (
				02E25AB839B137527234A708 /* Release */,
				DFEF60CD964FF44B937666E9 /* Debug */,
			);
			defaultConfigurationIsVisible = 0;
			defaultConfigurationName = Release;
		};
		92050B833C05DE2E49F161F0 /* Build configuration list for PBXProject "Poppins" */ = {
			isa = XCConfigurationList;
			buildConfigurations = (
				BD0FBA95A1109CBE024464BF /* Debug */,
				AFAC2F5F893B59A6E7422085 /* Release */,
			);
			defaultConfigurationIsVisible = 0;
			defaultConfigurationName = Release;
		};
/* End XCConfigurationList section */

/* Begin XCVersionGroup section */
		EA137CE71A7ABF5800A92B85 /* PoppinsModel.xcdatamodeld */ = {
			isa = XCVersionGroup;
			children = (
				EA137CE81A7ABF5800A92B85 /* PoppinsModel.xcdatamodel */,
			);
			currentVersion = EA137CE81A7ABF5800A92B85 /* PoppinsModel.xcdatamodel */;
			path = PoppinsModel.xcdatamodeld;
			sourceTree = "<group>";
			versionGroupType = wrapper.xcdatamodel;
		};
/* End XCVersionGroup section */
	};
	rootObject = BBAD5EE8160C5BC2C5877301 /* Project object */;
}
